
Microsoft Visual Studio Solution File, Format Version 12.00
# Visual Studio Version 16
VisualStudioVersion = 16.0.32510.428
MinimumVisualStudioVersion = 10.0.40219.1
Project("{FAE04EC0-301F-11D3-BF4B-00C04F79EFBC}") = "1. Hello World!", "1. Hello World!\1. Hello World!.csproj", "{F0A8656A-6486-4D8F-A6FF-B9F6EE19988C}"
EndProject
Project("{2150E333-8FDC-42A3-9474-1A3956D46DE8}") = "1. Basics", "1. Basics", "{AA2372AA-F85E-42E8-AC46-75D663DF07CD}"
EndProject
Project("{FAE04EC0-301F-11D3-BF4B-00C04F79EFBC}") = "2. Comments", "2. Comments\2. Comments.csproj", "{4E3E93D6-7FF2-4BA6-9630-8564AB4BB1BB}"
EndProject
Project("{FAE04EC0-301F-11D3-BF4B-00C04F79EFBC}") = "2. Comments. Task", "2. Comments. Task\2. Comments. Task.csproj", "{79091EDD-0848-4E15-9996-236AFDAE77DF}"
EndProject
Project("{FAE04EC0-301F-11D3-BF4B-00C04F79EFBC}") = "3. Statements (Инструкции)", "3. Statements (Инструкции)\3. Statements (Инструкции).csproj", "{EB437786-54F5-47D7-8218-CEF0E593801B}"
EndProject
Project("{FAE04EC0-301F-11D3-BF4B-00C04F79EFBC}") = "3. Statements (Инструкции). Task", "3. Statements (Инструкции). Task\3. Statements (Инструкции). Task.csproj", "{3FC9C92B-E209-48AF-BF87-709D641F3E6D}"
EndProject
Project("{FAE04EC0-301F-11D3-BF4B-00C04F79EFBC}") = "4. Just Training", "4. Just Training\4. Just Training.csproj", "{709CB345-3B2E-453D-A5B0-8A763A218D8B}"
EndProject
Project("{FAE04EC0-301F-11D3-BF4B-00C04F79EFBC}") = "5. Syntax Errors", "5. Syntax Errors\5. Syntax Errors.csproj", "{AD1472C5-CF68-4F42-AC9B-04F6D1B5E36F}"
EndProject
Project("{2150E333-8FDC-42A3-9474-1A3956D46DE8}") = "2. Arithmetic", "2. Arithmetic", "{7EE8242D-1C4A-4335-A969-16B14222EC1A}"
EndProject
Project("{FAE04EC0-301F-11D3-BF4B-00C04F79EFBC}") = "6. Arithmetic Operations", "6. Arithmetic Operations\6. Arithmetic Operations.csproj", "{97F3C05B-F317-4826-A42E-0CA9459BEBA0}"
EndProject
Project("{FAE04EC0-301F-11D3-BF4B-00C04F79EFBC}") = "6. Arithmetic Operations. Task", "6. Arithmetic Operations. Task\6. Arithmetic Operations. Task.csproj", "{D59530D4-3DA2-45B3-94C1-1221FED4740C}"
EndProject
Project("{FAE04EC0-301F-11D3-BF4B-00C04F79EFBC}") = "7. Operators", "7. Operators\7. Operators.csproj", "{0AE8B332-DFE3-48C4-8D2E-A63F4F661DA1}"
EndProject
Project("{FAE04EC0-301F-11D3-BF4B-00C04F79EFBC}") = "7. Operators. Task", "7. Operators. Task\7. Operators. Task.csproj", "{8D006AFA-4CC9-43C8-99C1-BC51ADFC3658}"
EndProject
Project("{FAE04EC0-301F-11D3-BF4B-00C04F79EFBC}") = "8. Commutative Operation", "8. Commutative Operation\8. Commutative Operation.csproj", "{46B06101-CEFF-4088-8C0E-41E894042B30}"
EndProject
Project("{FAE04EC0-301F-11D3-BF4B-00C04F79EFBC}") = "9. Composition Of Operations", "9. Composition Of Operations\9. Composition Of Operations.csproj", "{CC342122-F659-469D-948C-1E589F47A9C0}"
EndProject
Project("{FAE04EC0-301F-11D3-BF4B-00C04F79EFBC}") = "9. Composition Of Operations. Task", "9. Composition Of Operations. Task\9. Composition Of Operations. Task.csproj", "{BF644A99-C13C-41FE-8A44-D3233CFDDB6B}"
EndProject
Project("{FAE04EC0-301F-11D3-BF4B-00C04F79EFBC}") = "10. Operation Priority", "10. Operation Priority\10. Operation Priority.csproj", "{C5365692-B6A7-4046-9BD9-731E51720D47}"
EndProject
Project("{FAE04EC0-301F-11D3-BF4B-00C04F79EFBC}") = "10. Operation Priority. Task", "10. Operation Priority. Task\10. Operation Priority. Task.csproj", "{7F8F8407-1338-4D2C-A250-E2EB6FD0851B}"
EndProject
Project("{FAE04EC0-301F-11D3-BF4B-00C04F79EFBC}") = "10. Operation Priority. Teacher's Decision", "10. Operation Priority. Teacher's Decision\10. Operation Priority. Teacher's Decision.csproj", "{B29A7D20-9355-4152-8942-601F8A1788C7}"
EndProject
Project("{FAE04EC0-301F-11D3-BF4B-00C04F79EFBC}") = "11. Floating-Point Numbers", "11. Floating-Point Numbers\11. Floating-Point Numbers.csproj", "{D33AF695-B723-4C50-A689-101F51836319}"
EndProject
Project("{FAE04EC0-301F-11D3-BF4B-00C04F79EFBC}") = "11. Floating-Point Numbers. Task", "11. Floating-Point Numbers. Task\11. Floating-Point Numbers. Task.csproj", "{FF9C8B8B-4874-4D3C-B77F-7558FC0D82C6}"
EndProject
Project("{FAE04EC0-301F-11D3-BF4B-00C04F79EFBC}") = "12. Code Design", "12. Code Design\12. Code Design.csproj", "{1ED1F334-F7E2-4B38-A09A-25CDCC9AB50A}"
EndProject
Project("{2150E333-8FDC-42A3-9474-1A3956D46DE8}") = "3. Strings", "3. Strings", "{B02BE33A-0BE7-45A7-966B-FD887AD62A32}"
EndProject
Project("{FAE04EC0-301F-11D3-BF4B-00C04F79EFBC}") = "13. Quotes", "13. Quotes\13. Quotes.csproj", "{A762FE64-AF97-4409-9293-5D36BAD263DF}"
EndProject
Project("{FAE04EC0-301F-11D3-BF4B-00C04F79EFBC}") = "13. Quotes. Task", "13. Quotes. Task\13. Quotes. Task.csproj", "{7979C7D6-4203-492C-A7E6-2F105F1A8F1E}"
EndProject
Project("{FAE04EC0-301F-11D3-BF4B-00C04F79EFBC}") = "14. Escaping Sequences", "14. Escaping Sequences\14. Escaping Sequences.csproj", "{FB634118-008D-4981-B1A2-8BAC4297EC5B}"
EndProject
Project("{FAE04EC0-301F-11D3-BF4B-00C04F79EFBC}") = "14. Escaping Sequences. Task", "14. Escaping Sequences. Task\14. Escaping Sequences. Task.csproj", "{FD8BFB0B-99AD-4045-8313-99CEDFE9A527}"
EndProject
Project("{FAE04EC0-301F-11D3-BF4B-00C04F79EFBC}") = "15. Concatenation", "15. Concatenation\15. Concatenation.csproj", "{798DE888-D1E5-4074-9866-93AA524690FD}"
EndProject
Project("{FAE04EC0-301F-11D3-BF4B-00C04F79EFBC}") = "15. Concatenation. Task", "15. Concatenation. Task\15. Concatenation. Task.csproj", "{458FC7ED-0C83-4CBB-9068-001E7298D808}"
EndProject
Project("{FAE04EC0-301F-11D3-BF4B-00C04F79EFBC}") = "15. Concatenation. Teacher's Decision", "15. Concatenation. Teacher's Decision\15. Concatenation. Teacher's Decision.csproj", "{64B0ABDB-58DB-4418-945F-1711F321A653}"
EndProject
Project("{2150E333-8FDC-42A3-9474-1A3956D46DE8}") = "4. Variables", "4. Variables", "{B0DC3A6A-FA5F-4983-97AD-B6B700AA24F3}"
EndProject
Project("{FAE04EC0-301F-11D3-BF4B-00C04F79EFBC}") = "16. What Is A Variable", "16. What Is A Variable\16. What Is A Variable.csproj", "{7B411C8E-D075-4F32-827B-6EDF17EFB79D}"
EndProject
Project("{FAE04EC0-301F-11D3-BF4B-00C04F79EFBC}") = "16. What Is A Variable. Task", "16. What Is A Variable. Task\16. What Is A Variable. Task.csproj", "{685DA123-FC21-4E55-AC37-1B4B2F2CE508}"
EndProject
Project("{FAE04EC0-301F-11D3-BF4B-00C04F79EFBC}") = "17. Changing A Variable", "17. Changing A Variable\17. Changing A Variable.csproj", "{9772EDD9-CDA7-45A7-BEC2-8E8A1DC009CC}"
EndProject
Project("{FAE04EC0-301F-11D3-BF4B-00C04F79EFBC}") = "17. Changing A Variable. Task", "17. Changing A Variable. Task\17. Changing A Variable. Task.csproj", "{29BC9D1A-8EAC-47AD-BE2A-F39EA2B91731}"
EndProject
Project("{FAE04EC0-301F-11D3-BF4B-00C04F79EFBC}") = "18. Choosing A Variable Name", "18. Choosing A Variable Name\18. Choosing A Variable Name.csproj", "{FCBA3AB6-56C6-4150-99BB-ED3D8E05C6E6}"
EndProject
Project("{FAE04EC0-301F-11D3-BF4B-00C04F79EFBC}") = "18. Choosing A Variable Name. Task", "18. Choosing A Variable Name. Task\18. Choosing A Variable Name. Task.csproj", "{EA99814A-B909-4043-B33F-FA21A0A62B16}"
EndProject
Project("{FAE04EC0-301F-11D3-BF4B-00C04F79EFBC}") = "18. Choosing A Variable Name. Teacher's Decision", "18. Choosing A Variable Name. Teacher's Decision\18. Choosing A Variable Name. Teacher's Decision.csproj", "{45116F76-D58F-4794-8B0B-17087F904C07}"
EndProject
Project("{FAE04EC0-301F-11D3-BF4B-00C04F79EFBC}") = "19. Errors When Working With Variables", "19. Errors When Working With Variables\19. Errors When Working With Variables.csproj", "{E2E96EC9-F6D3-4E78-8788-CDECCB15C0F0}"
EndProject
Project("{FAE04EC0-301F-11D3-BF4B-00C04F79EFBC}") = "19. Errors When Working With Variables. Task", "19. Errors When Working With Variables. Task\19. Errors When Working With Variables. Task.csproj", "{909A5F44-0A5A-4CF5-BCA4-A25FA24224D6}"
EndProject
Project("{FAE04EC0-301F-11D3-BF4B-00C04F79EFBC}") = "20. Expressions In Definitions", "20. Expressions In Definitions\20. Expressions In Definitions.csproj", "{0B48EDC2-7471-47A6-8CAD-78BF3044FB59}"
EndProject
Project("{FAE04EC0-301F-11D3-BF4B-00C04F79EFBC}") = "20. Expressions In Definitions. Task", "20. Expressions In Definitions. Task\20. Expressions In Definitions. Task.csproj", "{97248FE6-EC4D-44AD-8E98-1C9447DE6454}"
EndProject
Project("{FAE04EC0-301F-11D3-BF4B-00C04F79EFBC}") = "20. Expressions In Definitions. Teacher's Decision", "20. Expressions In Definitions. Teacher's Decision\20. Expressions In Definitions. Teacher's Decision.csproj", "{A47A2F6D-7F92-4EA5-A233-BB0CD2B77A44}"
EndProject
Project("{FAE04EC0-301F-11D3-BF4B-00C04F79EFBC}") = "21. Variables And Concatenation", "21. Variables And Concatenation\21. Variables And Concatenation.csproj", "{FFB77035-890D-489E-B90D-A9CF1BFFEE00}"
EndProject
Project("{FAE04EC0-301F-11D3-BF4B-00C04F79EFBC}") = "21. Variables And Concatenation. Task", "21. Variables And Concatenation. Task\21. Variables And Concatenation. Task.csproj", "{2565D578-BA6C-48A8-A385-0AC0170AB216}"
EndProject
Project("{FAE04EC0-301F-11D3-BF4B-00C04F79EFBC}") = "21. Variables And Concatenation. Teacher's Decision", "21. Variables And Concatenation. Teacher's Decision\21. Variables And Concatenation. Teacher's Decision.csproj", "{E453EE3D-8755-4DD2-9355-86853F92C537}"
EndProject
Project("{FAE04EC0-301F-11D3-BF4B-00C04F79EFBC}") = "22. Variable Naming", "22. Variable Naming\22. Variable Naming.csproj", "{022C51F5-0450-4888-88F3-5DF232231DE6}"
EndProject
Project("{FAE04EC0-301F-11D3-BF4B-00C04F79EFBC}") = "22. Variable Naming. Teacher's Decision", "22. Variable Naming. Teacher's Decision\22. Variable Naming. Teacher's Decision.csproj", "{79B7DB66-23AE-40C1-AFCC-D92C000F27D2}"
EndProject
Project("{FAE04EC0-301F-11D3-BF4B-00C04F79EFBC}") = "23. Magic Numbers", "23. Magic Numbers\23. Magic Numbers.csproj", "{FC1635FA-5638-4279-97D2-44DAA5FA99D6}"
EndProject
Project("{FAE04EC0-301F-11D3-BF4B-00C04F79EFBC}") = "23. Magic Numbers. Task", "23. Magic Numbers. Task\23. Magic Numbers. Task.csproj", "{342B67A0-44A5-4EEE-964B-7EF605B12692}"
EndProject
Project("{FAE04EC0-301F-11D3-BF4B-00C04F79EFBC}") = "23. Magic Numbers. Teacher's Decision", "23. Magic Numbers. Teacher's Decision\23. Magic Numbers. Teacher's Decision.csproj", "{C59C857A-317F-4A95-B15E-E4486BD60B7D}"
EndProject
Project("{2150E333-8FDC-42A3-9474-1A3956D46DE8}") = "5. Data Types", "5. Data Types", "{D4630B3A-89C7-4A73-B68C-93D5CF8203FC}"
EndProject
Project("{FAE04EC0-301F-11D3-BF4B-00C04F79EFBC}") = "24. Interpolation. Task", "24. Interpolation. Task\24. Interpolation. Task.csproj", "{D8B3E78B-7603-49B4-973F-85C4DD1533E4}"
EndProject
Project("{FAE04EC0-301F-11D3-BF4B-00C04F79EFBC}") = "24. Interpolation", "24. Interpolation\24. Interpolation.csproj", "{8C0B5000-3231-45D3-8575-FE4D1792FC97}"
EndProject
Project("{FAE04EC0-301F-11D3-BF4B-00C04F79EFBC}") = "25. Why Data Types Are Needed", "25. Why Data Types Are Needed\25. Why Data Types Are Needed.csproj", "{C1875C35-E2B3-4400-AFF2-98546927B309}"
EndProject
Project("{FAE04EC0-301F-11D3-BF4B-00C04F79EFBC}") = "25. Why Data Types Are Needed. Task", "25. Why Data Types Are Needed. Task\25. Why Data Types Are Needed. Task.csproj", "{3E8BDA16-595C-4B43-A088-74636C2F9F4E}"
EndProject
Project("{FAE04EC0-301F-11D3-BF4B-00C04F79EFBC}") = "26. Explicit Typing", "26. Explicit Typing\26. Explicit Typing.csproj", "{94A03B5E-2791-4EFD-8A6E-87E66C70EFC1}"
EndProject
Project("{FAE04EC0-301F-11D3-BF4B-00C04F79EFBC}") = "26. Explicit Typing. Task", "26. Explicit Typing. Task\26. Explicit Typing. Task.csproj", "{C4310F84-6C3B-4481-AA39-0B2D90068B42}"
EndProject
Project("{FAE04EC0-301F-11D3-BF4B-00C04F79EFBC}") = "26. Explicit Typing. Teacher's Decision", "26. Explicit Typing. Teacher's Decision\26. Explicit Typing. Teacher's Decision.csproj", "{CBE3B19B-B2BC-4B53-BB25-F4054CA5DE51}"
EndProject
Project("{FAE04EC0-301F-11D3-BF4B-00C04F79EFBC}") = "27. What Are The Types", "27. What Are The Types\27. What Are The Types.csproj", "{D691D326-E4F2-4932-B050-BB2BFF012E32}"
EndProject
Project("{FAE04EC0-301F-11D3-BF4B-00C04F79EFBC}") = "27. What Are The Types. Task", "27. What Are The Types. Task\27. What Are The Types. Task.csproj", "{591E2739-212C-437C-AC44-2CADBBB2045C}"
EndProject
Project("{FAE04EC0-301F-11D3-BF4B-00C04F79EFBC}") = "27. What Are The Types. Teacher's Decision", "27. What Are The Types. Teacher's Decision\27. What Are The Types. Teacher's Decision.csproj", "{6EEC8458-DE89-49C9-B742-7E13B0206B3A}"
EndProject
Project("{FAE04EC0-301F-11D3-BF4B-00C04F79EFBC}") = "28. Null Value", "28. Null Value\28. Null Value.csproj", "{C72B61E4-3A9E-4EBC-8662-C42459CA5783}"
EndProject
Project("{FAE04EC0-301F-11D3-BF4B-00C04F79EFBC}") = "28. Null Value. Task", "28. Null Value. Task\28. Null Value. Task.csproj", "{7C213AE1-AAB9-437E-AF36-44224230C127}"
EndProject
Project("{FAE04EC0-301F-11D3-BF4B-00C04F79EFBC}") = "29. Explicit Type Conversion", "29. Explicit Type Conversion\29. Explicit Type Conversion.csproj", "{A979A1D5-B0D7-4579-9568-66D37801AB02}"
EndProject
Project("{FAE04EC0-301F-11D3-BF4B-00C04F79EFBC}") = "29. Explicit Type Conversion. Task", "29. Explicit Type Conversion. Task\29. Explicit Type Conversion. Task.csproj", "{69F235BF-C6C9-4D3C-962B-3EFA4102E212}"
EndProject
Project("{FAE04EC0-301F-11D3-BF4B-00C04F79EFBC}") = "29. Explicit Type Conversion. Teacher's Decision", "29. Explicit Type Conversion. Teacher's Decision\29. Explicit Type Conversion. Teacher's Decision.csproj", "{22CC31E8-0D4F-49E0-80CF-729A97A3CB84}"
EndProject
Project("{2150E333-8FDC-42A3-9474-1A3956D46DE8}") = "6. Calling Methods", "6. Calling Methods", "{89BCFB61-8AF2-41EB-A755-EB65E74F71D7}"
EndProject
Project("{FAE04EC0-301F-11D3-BF4B-00C04F79EFBC}") = "30. Methods And Their Call", "30. Methods And Their Call\30. Methods And Their Call.csproj", "{DD169CEA-18F6-476F-A3E8-6E0613509924}"
EndProject
Project("{FAE04EC0-301F-11D3-BF4B-00C04F79EFBC}") = "30. Methods And Their Call. Task", "30. Methods And Their Call. Task\30. Methods And Their Call. Task.csproj", "{48F8B750-BA7B-4D94-A985-9E7A6D1F9510}"
EndProject
Project("{FAE04EC0-301F-11D3-BF4B-00C04F79EFBC}") = "31. Method Parameters", "31. Method Parameters\31. Method Parameters.csproj", "{4C95FE27-7D97-435B-97B4-7C3B0A50203E}"
EndProject
Project("{FAE04EC0-301F-11D3-BF4B-00C04F79EFBC}") = "31. Method Parameters. Task", "31. Method Parameters. Task\31. Method Parameters. Task.csproj", "{9E9B4828-3779-4703-8D3C-DCD831D75523}"
EndProject
Project("{FAE04EC0-301F-11D3-BF4B-00C04F79EFBC}") = "31. Method Parameters. Task Two", "31. Method Parameters. Task Two\31. Method Parameters. Task Two.csproj", "{57ED2989-6C72-41D5-B55F-BDE9A72F41CC}"
EndProject
Project("{FAE04EC0-301F-11D3-BF4B-00C04F79EFBC}") = "31. Method Parameters. Teacher's Decision", "31. Method Parameters. Teacher's Decision\31. Method Parameters. Teacher's Decision.csproj", "{B14FFAD1-9814-43E8-A741-49B26CC4C454}"
EndProject
Project("{FAE04EC0-301F-11D3-BF4B-00C04F79EFBC}") = "12. Code Design Example", "12. Code Design Example\12. Code Design Example.csproj", "{153D20F0-5851-4D0F-AE30-E174A8498BB5}"
EndProject
Project("{FAE04EC0-301F-11D3-BF4B-00C04F79EFBC}") = "15. Concatenation. Task Two", "15. Concatenation. Task Two\15. Concatenation. Task Two.csproj", "{DA332D75-5A67-416F-B1F0-0180592EB91B}"
EndProject
Project("{FAE04EC0-301F-11D3-BF4B-00C04F79EFBC}") = "32. Properties", "32. Properties\32. Properties.csproj", "{4741ACD4-28DA-475E-AE93-477CCD8FD29A}"
EndProject
Project("{FAE04EC0-301F-11D3-BF4B-00C04F79EFBC}") = "32. Properties. Task", "32. Properties. Task\32. Properties. Task.csproj", "{AC966A99-4810-44A1-9541-4715F0A5C341}"
EndProject
Project("{FAE04EC0-301F-11D3-BF4B-00C04F79EFBC}") = "32. Properties. Teacher's Decision", "32. Properties. Teacher's Decision\32. Properties. Teacher's Decision.csproj", "{04DC0F55-62F5-4F89-AE86-FB796E1F41DD}"
EndProject
Project("{FAE04EC0-301F-11D3-BF4B-00C04F79EFBC}") = "33. Method Call - Expression", "33. Method Call - Expression\33. Method Call - Expression.csproj", "{B695C770-79AC-411A-9813-42BEB13EC876}"
EndProject
Project("{FAE04EC0-301F-11D3-BF4B-00C04F79EFBC}") = "33. Method Call - Expression. Task", "33. Method Call - Expression. Task\33. Method Call - Expression. Task.csproj", "{EF54341D-5B3B-4D24-B6C8-2F4E267BECF7}"
EndProject
Project("{FAE04EC0-301F-11D3-BF4B-00C04F79EFBC}") = "33. Method Call - Expression. Teacher's Decision", "33. Method Call - Expression. Teacher's Decision\33. Method Call - Expression. Teacher's Decision.csproj", "{B7832AE3-13A1-45A1-95D6-3684771BB7B1}"
EndProject
Project("{FAE04EC0-301F-11D3-BF4B-00C04F79EFBC}") = "34. String Immutability", "34. String Immutability\34. String Immutability.csproj", "{E56A51D6-9D83-4E1C-84CA-52D96EC3CFDF}"
EndProject
Project("{FAE04EC0-301F-11D3-BF4B-00C04F79EFBC}") = "34. String Immutability. Task", "34. String Immutability. Task\34. String Immutability. Task.csproj", "{23055CF3-3A33-4366-BFE7-F27900744369}"
EndProject
Project("{FAE04EC0-301F-11D3-BF4B-00C04F79EFBC}") = "34. String Immutability. Teacher's Decision", "34. String Immutability. Teacher's Decision\34. String Immutability. Teacher's Decision.csproj", "{69B29AEF-02FE-416A-ABBE-347881D15361}"
EndProject
Project("{FAE04EC0-301F-11D3-BF4B-00C04F79EFBC}") = "35. Method Call Chains", "35. Method Call Chains\35. Method Call Chains.csproj", "{F46826FD-E892-432C-B689-134A989FDD89}"
EndProject
Project("{FAE04EC0-301F-11D3-BF4B-00C04F79EFBC}") = "35. Method Call Chains. Task", "35. Method Call Chains. Task\35. Method Call Chains. Task.csproj", "{6F67E489-5E4D-42DB-A674-5AF7D5B53461}"
EndProject
Project("{FAE04EC0-301F-11D3-BF4B-00C04F79EFBC}") = "35. Method Call Chains. Task Two", "35. Method Call Chains. Task Two\35. Method Call Chains. Task Two.csproj", "{937F102E-4EF1-4FF0-BCB6-F9AD97E198C8}"
EndProject
Project("{FAE04EC0-301F-11D3-BF4B-00C04F79EFBC}") = "35. Method Call Chains. Task Three", "35. Method Call Chains. Task Three\35. Method Call Chains. Task Three.csproj", "{5150B2BE-B61D-4C6D-91C9-DEB359D82160}"
EndProject
Project("{FAE04EC0-301F-11D3-BF4B-00C04F79EFBC}") = "35. Method Call Chains. Teacher's Decision", "35. Method Call Chains. Teacher's Decision\35. Method Call Chains. Teacher's Decision.csproj", "{B224410E-AA51-432F-800F-4F03446B7A54}"
EndProject
Project("{FAE04EC0-301F-11D3-BF4B-00C04F79EFBC}") = "36. Determinism", "36. Determinism\36. Determinism.csproj", "{2C1A44C3-0BA3-496C-8857-F3797FC6A17B}"
EndProject
Project("{FAE04EC0-301F-11D3-BF4B-00C04F79EFBC}") = "36. Determinism. Task", "36. Determinism. Task\36. Determinism. Task.csproj", "{5EE355BE-B38E-4BEA-81B6-981C222880CF}"
EndProject
Project("{FAE04EC0-301F-11D3-BF4B-00C04F79EFBC}") = "36. Determinism. Teacher's Decision", "36. Determinism. Teacher's Decision\36. Determinism. Teacher's Decision.csproj", "{49986FAC-391F-4261-AA9A-25A090F266AE}"
EndProject
Project("{FAE04EC0-301F-11D3-BF4B-00C04F79EFBC}") = "37. Side Effects", "37. Side Effects\37. Side Effects.csproj", "{BDB2801E-7749-442F-876F-0EAC815A933A}"
EndProject
Project("{FAE04EC0-301F-11D3-BF4B-00C04F79EFBC}") = "38. Standard Library", "38. Standard Library\38. Standard Library.csproj", "{DA1B8DE1-600D-47F1-AFCA-6C03157BD5F0}"
EndProject
Project("{FAE04EC0-301F-11D3-BF4B-00C04F79EFBC}") = "38. Standard Library. Teacher's Decision", "38. Standard Library. Teacher's Decision\38. Standard Library. Teacher's Decision.csproj", "{55EF1DC1-B5D7-42DE-A8C1-87CC0EE25BC7}"
EndProject
Project("{FAE04EC0-301F-11D3-BF4B-00C04F79EFBC}") = "39. What Are The Methods", "39. What Are The Methods\39. What Are The Methods.csproj", "{39FC1D0C-1583-4A8B-97E6-214CA70A310C}"
EndProject
Project("{FAE04EC0-301F-11D3-BF4B-00C04F79EFBC}") = "39. What Are The Methods. Task", "39. What Are The Methods. Task\39. What Are The Methods. Task.csproj", "{7E117FFD-F0B8-427D-9C0D-E777CC2540AC}"
EndProject
Project("{FAE04EC0-301F-11D3-BF4B-00C04F79EFBC}") = "39. What Are The Methods. Teacher's Decision", "39. What Are The Methods. Teacher's Decision\39. What Are The Methods. Teacher's Decision.csproj", "{81C54FA2-C5EB-473F-92B3-76FC90EFC682}"
EndProject
Project("{2150E333-8FDC-42A3-9474-1A3956D46DE8}") = "7. Defining Methods", "7. Defining Methods", "{699AA94B-1109-4D2F-995F-CB5F28FD8873}"
EndProject
Global
	GlobalSection(SolutionConfigurationPlatforms) = preSolution
		Debug|Any CPU = Debug|Any CPU
		Release|Any CPU = Release|Any CPU
	EndGlobalSection
	GlobalSection(ProjectConfigurationPlatforms) = postSolution
		{F0A8656A-6486-4D8F-A6FF-B9F6EE19988C}.Debug|Any CPU.ActiveCfg = Debug|Any CPU
		{F0A8656A-6486-4D8F-A6FF-B9F6EE19988C}.Debug|Any CPU.Build.0 = Debug|Any CPU
		{F0A8656A-6486-4D8F-A6FF-B9F6EE19988C}.Release|Any CPU.ActiveCfg = Release|Any CPU
		{F0A8656A-6486-4D8F-A6FF-B9F6EE19988C}.Release|Any CPU.Build.0 = Release|Any CPU
		{4E3E93D6-7FF2-4BA6-9630-8564AB4BB1BB}.Debug|Any CPU.ActiveCfg = Debug|Any CPU
		{4E3E93D6-7FF2-4BA6-9630-8564AB4BB1BB}.Debug|Any CPU.Build.0 = Debug|Any CPU
		{4E3E93D6-7FF2-4BA6-9630-8564AB4BB1BB}.Release|Any CPU.ActiveCfg = Release|Any CPU
		{4E3E93D6-7FF2-4BA6-9630-8564AB4BB1BB}.Release|Any CPU.Build.0 = Release|Any CPU
		{79091EDD-0848-4E15-9996-236AFDAE77DF}.Debug|Any CPU.ActiveCfg = Debug|Any CPU
		{79091EDD-0848-4E15-9996-236AFDAE77DF}.Debug|Any CPU.Build.0 = Debug|Any CPU
		{79091EDD-0848-4E15-9996-236AFDAE77DF}.Release|Any CPU.ActiveCfg = Release|Any CPU
		{79091EDD-0848-4E15-9996-236AFDAE77DF}.Release|Any CPU.Build.0 = Release|Any CPU
		{EB437786-54F5-47D7-8218-CEF0E593801B}.Debug|Any CPU.ActiveCfg = Debug|Any CPU
		{EB437786-54F5-47D7-8218-CEF0E593801B}.Debug|Any CPU.Build.0 = Debug|Any CPU
		{EB437786-54F5-47D7-8218-CEF0E593801B}.Release|Any CPU.ActiveCfg = Release|Any CPU
		{EB437786-54F5-47D7-8218-CEF0E593801B}.Release|Any CPU.Build.0 = Release|Any CPU
		{3FC9C92B-E209-48AF-BF87-709D641F3E6D}.Debug|Any CPU.ActiveCfg = Debug|Any CPU
		{3FC9C92B-E209-48AF-BF87-709D641F3E6D}.Debug|Any CPU.Build.0 = Debug|Any CPU
		{3FC9C92B-E209-48AF-BF87-709D641F3E6D}.Release|Any CPU.ActiveCfg = Release|Any CPU
		{3FC9C92B-E209-48AF-BF87-709D641F3E6D}.Release|Any CPU.Build.0 = Release|Any CPU
		{709CB345-3B2E-453D-A5B0-8A763A218D8B}.Debug|Any CPU.ActiveCfg = Debug|Any CPU
		{709CB345-3B2E-453D-A5B0-8A763A218D8B}.Debug|Any CPU.Build.0 = Debug|Any CPU
		{709CB345-3B2E-453D-A5B0-8A763A218D8B}.Release|Any CPU.ActiveCfg = Release|Any CPU
		{709CB345-3B2E-453D-A5B0-8A763A218D8B}.Release|Any CPU.Build.0 = Release|Any CPU
		{AD1472C5-CF68-4F42-AC9B-04F6D1B5E36F}.Debug|Any CPU.ActiveCfg = Debug|Any CPU
		{AD1472C5-CF68-4F42-AC9B-04F6D1B5E36F}.Debug|Any CPU.Build.0 = Debug|Any CPU
		{AD1472C5-CF68-4F42-AC9B-04F6D1B5E36F}.Release|Any CPU.ActiveCfg = Release|Any CPU
		{AD1472C5-CF68-4F42-AC9B-04F6D1B5E36F}.Release|Any CPU.Build.0 = Release|Any CPU
		{97F3C05B-F317-4826-A42E-0CA9459BEBA0}.Debug|Any CPU.ActiveCfg = Debug|Any CPU
		{97F3C05B-F317-4826-A42E-0CA9459BEBA0}.Debug|Any CPU.Build.0 = Debug|Any CPU
		{97F3C05B-F317-4826-A42E-0CA9459BEBA0}.Release|Any CPU.ActiveCfg = Release|Any CPU
		{97F3C05B-F317-4826-A42E-0CA9459BEBA0}.Release|Any CPU.Build.0 = Release|Any CPU
		{D59530D4-3DA2-45B3-94C1-1221FED4740C}.Debug|Any CPU.ActiveCfg = Debug|Any CPU
		{D59530D4-3DA2-45B3-94C1-1221FED4740C}.Debug|Any CPU.Build.0 = Debug|Any CPU
		{D59530D4-3DA2-45B3-94C1-1221FED4740C}.Release|Any CPU.ActiveCfg = Release|Any CPU
		{D59530D4-3DA2-45B3-94C1-1221FED4740C}.Release|Any CPU.Build.0 = Release|Any CPU
		{0AE8B332-DFE3-48C4-8D2E-A63F4F661DA1}.Debug|Any CPU.ActiveCfg = Debug|Any CPU
		{0AE8B332-DFE3-48C4-8D2E-A63F4F661DA1}.Debug|Any CPU.Build.0 = Debug|Any CPU
		{0AE8B332-DFE3-48C4-8D2E-A63F4F661DA1}.Release|Any CPU.ActiveCfg = Release|Any CPU
		{0AE8B332-DFE3-48C4-8D2E-A63F4F661DA1}.Release|Any CPU.Build.0 = Release|Any CPU
		{8D006AFA-4CC9-43C8-99C1-BC51ADFC3658}.Debug|Any CPU.ActiveCfg = Debug|Any CPU
		{8D006AFA-4CC9-43C8-99C1-BC51ADFC3658}.Debug|Any CPU.Build.0 = Debug|Any CPU
		{8D006AFA-4CC9-43C8-99C1-BC51ADFC3658}.Release|Any CPU.ActiveCfg = Release|Any CPU
		{8D006AFA-4CC9-43C8-99C1-BC51ADFC3658}.Release|Any CPU.Build.0 = Release|Any CPU
		{46B06101-CEFF-4088-8C0E-41E894042B30}.Debug|Any CPU.ActiveCfg = Debug|Any CPU
		{46B06101-CEFF-4088-8C0E-41E894042B30}.Debug|Any CPU.Build.0 = Debug|Any CPU
		{46B06101-CEFF-4088-8C0E-41E894042B30}.Release|Any CPU.ActiveCfg = Release|Any CPU
		{46B06101-CEFF-4088-8C0E-41E894042B30}.Release|Any CPU.Build.0 = Release|Any CPU
		{CC342122-F659-469D-948C-1E589F47A9C0}.Debug|Any CPU.ActiveCfg = Debug|Any CPU
		{CC342122-F659-469D-948C-1E589F47A9C0}.Debug|Any CPU.Build.0 = Debug|Any CPU
		{CC342122-F659-469D-948C-1E589F47A9C0}.Release|Any CPU.ActiveCfg = Release|Any CPU
		{CC342122-F659-469D-948C-1E589F47A9C0}.Release|Any CPU.Build.0 = Release|Any CPU
		{BF644A99-C13C-41FE-8A44-D3233CFDDB6B}.Debug|Any CPU.ActiveCfg = Debug|Any CPU
		{BF644A99-C13C-41FE-8A44-D3233CFDDB6B}.Debug|Any CPU.Build.0 = Debug|Any CPU
		{BF644A99-C13C-41FE-8A44-D3233CFDDB6B}.Release|Any CPU.ActiveCfg = Release|Any CPU
		{BF644A99-C13C-41FE-8A44-D3233CFDDB6B}.Release|Any CPU.Build.0 = Release|Any CPU
		{C5365692-B6A7-4046-9BD9-731E51720D47}.Debug|Any CPU.ActiveCfg = Debug|Any CPU
		{C5365692-B6A7-4046-9BD9-731E51720D47}.Debug|Any CPU.Build.0 = Debug|Any CPU
		{C5365692-B6A7-4046-9BD9-731E51720D47}.Release|Any CPU.ActiveCfg = Release|Any CPU
		{C5365692-B6A7-4046-9BD9-731E51720D47}.Release|Any CPU.Build.0 = Release|Any CPU
		{7F8F8407-1338-4D2C-A250-E2EB6FD0851B}.Debug|Any CPU.ActiveCfg = Debug|Any CPU
		{7F8F8407-1338-4D2C-A250-E2EB6FD0851B}.Debug|Any CPU.Build.0 = Debug|Any CPU
		{7F8F8407-1338-4D2C-A250-E2EB6FD0851B}.Release|Any CPU.ActiveCfg = Release|Any CPU
		{7F8F8407-1338-4D2C-A250-E2EB6FD0851B}.Release|Any CPU.Build.0 = Release|Any CPU
		{B29A7D20-9355-4152-8942-601F8A1788C7}.Debug|Any CPU.ActiveCfg = Debug|Any CPU
		{B29A7D20-9355-4152-8942-601F8A1788C7}.Debug|Any CPU.Build.0 = Debug|Any CPU
		{B29A7D20-9355-4152-8942-601F8A1788C7}.Release|Any CPU.ActiveCfg = Release|Any CPU
		{B29A7D20-9355-4152-8942-601F8A1788C7}.Release|Any CPU.Build.0 = Release|Any CPU
		{D33AF695-B723-4C50-A689-101F51836319}.Debug|Any CPU.ActiveCfg = Debug|Any CPU
		{D33AF695-B723-4C50-A689-101F51836319}.Debug|Any CPU.Build.0 = Debug|Any CPU
		{D33AF695-B723-4C50-A689-101F51836319}.Release|Any CPU.ActiveCfg = Release|Any CPU
		{D33AF695-B723-4C50-A689-101F51836319}.Release|Any CPU.Build.0 = Release|Any CPU
		{FF9C8B8B-4874-4D3C-B77F-7558FC0D82C6}.Debug|Any CPU.ActiveCfg = Debug|Any CPU
		{FF9C8B8B-4874-4D3C-B77F-7558FC0D82C6}.Debug|Any CPU.Build.0 = Debug|Any CPU
		{FF9C8B8B-4874-4D3C-B77F-7558FC0D82C6}.Release|Any CPU.ActiveCfg = Release|Any CPU
		{FF9C8B8B-4874-4D3C-B77F-7558FC0D82C6}.Release|Any CPU.Build.0 = Release|Any CPU
		{1ED1F334-F7E2-4B38-A09A-25CDCC9AB50A}.Debug|Any CPU.ActiveCfg = Debug|Any CPU
		{1ED1F334-F7E2-4B38-A09A-25CDCC9AB50A}.Debug|Any CPU.Build.0 = Debug|Any CPU
		{1ED1F334-F7E2-4B38-A09A-25CDCC9AB50A}.Release|Any CPU.ActiveCfg = Release|Any CPU
		{1ED1F334-F7E2-4B38-A09A-25CDCC9AB50A}.Release|Any CPU.Build.0 = Release|Any CPU
		{A762FE64-AF97-4409-9293-5D36BAD263DF}.Debug|Any CPU.ActiveCfg = Debug|Any CPU
		{A762FE64-AF97-4409-9293-5D36BAD263DF}.Debug|Any CPU.Build.0 = Debug|Any CPU
		{A762FE64-AF97-4409-9293-5D36BAD263DF}.Release|Any CPU.ActiveCfg = Release|Any CPU
		{A762FE64-AF97-4409-9293-5D36BAD263DF}.Release|Any CPU.Build.0 = Release|Any CPU
		{7979C7D6-4203-492C-A7E6-2F105F1A8F1E}.Debug|Any CPU.ActiveCfg = Debug|Any CPU
		{7979C7D6-4203-492C-A7E6-2F105F1A8F1E}.Debug|Any CPU.Build.0 = Debug|Any CPU
		{7979C7D6-4203-492C-A7E6-2F105F1A8F1E}.Release|Any CPU.ActiveCfg = Release|Any CPU
		{7979C7D6-4203-492C-A7E6-2F105F1A8F1E}.Release|Any CPU.Build.0 = Release|Any CPU
		{FB634118-008D-4981-B1A2-8BAC4297EC5B}.Debug|Any CPU.ActiveCfg = Debug|Any CPU
		{FB634118-008D-4981-B1A2-8BAC4297EC5B}.Debug|Any CPU.Build.0 = Debug|Any CPU
		{FB634118-008D-4981-B1A2-8BAC4297EC5B}.Release|Any CPU.ActiveCfg = Release|Any CPU
		{FB634118-008D-4981-B1A2-8BAC4297EC5B}.Release|Any CPU.Build.0 = Release|Any CPU
		{FD8BFB0B-99AD-4045-8313-99CEDFE9A527}.Debug|Any CPU.ActiveCfg = Debug|Any CPU
		{FD8BFB0B-99AD-4045-8313-99CEDFE9A527}.Debug|Any CPU.Build.0 = Debug|Any CPU
		{FD8BFB0B-99AD-4045-8313-99CEDFE9A527}.Release|Any CPU.ActiveCfg = Release|Any CPU
		{FD8BFB0B-99AD-4045-8313-99CEDFE9A527}.Release|Any CPU.Build.0 = Release|Any CPU
		{798DE888-D1E5-4074-9866-93AA524690FD}.Debug|Any CPU.ActiveCfg = Debug|Any CPU
		{798DE888-D1E5-4074-9866-93AA524690FD}.Debug|Any CPU.Build.0 = Debug|Any CPU
		{798DE888-D1E5-4074-9866-93AA524690FD}.Release|Any CPU.ActiveCfg = Release|Any CPU
		{798DE888-D1E5-4074-9866-93AA524690FD}.Release|Any CPU.Build.0 = Release|Any CPU
		{458FC7ED-0C83-4CBB-9068-001E7298D808}.Debug|Any CPU.ActiveCfg = Debug|Any CPU
		{458FC7ED-0C83-4CBB-9068-001E7298D808}.Debug|Any CPU.Build.0 = Debug|Any CPU
		{458FC7ED-0C83-4CBB-9068-001E7298D808}.Release|Any CPU.ActiveCfg = Release|Any CPU
		{458FC7ED-0C83-4CBB-9068-001E7298D808}.Release|Any CPU.Build.0 = Release|Any CPU
		{64B0ABDB-58DB-4418-945F-1711F321A653}.Debug|Any CPU.ActiveCfg = Debug|Any CPU
		{64B0ABDB-58DB-4418-945F-1711F321A653}.Debug|Any CPU.Build.0 = Debug|Any CPU
		{64B0ABDB-58DB-4418-945F-1711F321A653}.Release|Any CPU.ActiveCfg = Release|Any CPU
		{64B0ABDB-58DB-4418-945F-1711F321A653}.Release|Any CPU.Build.0 = Release|Any CPU
		{7B411C8E-D075-4F32-827B-6EDF17EFB79D}.Debug|Any CPU.ActiveCfg = Debug|Any CPU
		{7B411C8E-D075-4F32-827B-6EDF17EFB79D}.Debug|Any CPU.Build.0 = Debug|Any CPU
		{7B411C8E-D075-4F32-827B-6EDF17EFB79D}.Release|Any CPU.ActiveCfg = Release|Any CPU
		{7B411C8E-D075-4F32-827B-6EDF17EFB79D}.Release|Any CPU.Build.0 = Release|Any CPU
		{685DA123-FC21-4E55-AC37-1B4B2F2CE508}.Debug|Any CPU.ActiveCfg = Debug|Any CPU
		{685DA123-FC21-4E55-AC37-1B4B2F2CE508}.Debug|Any CPU.Build.0 = Debug|Any CPU
		{685DA123-FC21-4E55-AC37-1B4B2F2CE508}.Release|Any CPU.ActiveCfg = Release|Any CPU
		{685DA123-FC21-4E55-AC37-1B4B2F2CE508}.Release|Any CPU.Build.0 = Release|Any CPU
		{9772EDD9-CDA7-45A7-BEC2-8E8A1DC009CC}.Debug|Any CPU.ActiveCfg = Debug|Any CPU
		{9772EDD9-CDA7-45A7-BEC2-8E8A1DC009CC}.Debug|Any CPU.Build.0 = Debug|Any CPU
		{9772EDD9-CDA7-45A7-BEC2-8E8A1DC009CC}.Release|Any CPU.ActiveCfg = Release|Any CPU
		{9772EDD9-CDA7-45A7-BEC2-8E8A1DC009CC}.Release|Any CPU.Build.0 = Release|Any CPU
		{29BC9D1A-8EAC-47AD-BE2A-F39EA2B91731}.Debug|Any CPU.ActiveCfg = Debug|Any CPU
		{29BC9D1A-8EAC-47AD-BE2A-F39EA2B91731}.Debug|Any CPU.Build.0 = Debug|Any CPU
		{29BC9D1A-8EAC-47AD-BE2A-F39EA2B91731}.Release|Any CPU.ActiveCfg = Release|Any CPU
		{29BC9D1A-8EAC-47AD-BE2A-F39EA2B91731}.Release|Any CPU.Build.0 = Release|Any CPU
		{FCBA3AB6-56C6-4150-99BB-ED3D8E05C6E6}.Debug|Any CPU.ActiveCfg = Debug|Any CPU
		{FCBA3AB6-56C6-4150-99BB-ED3D8E05C6E6}.Debug|Any CPU.Build.0 = Debug|Any CPU
		{FCBA3AB6-56C6-4150-99BB-ED3D8E05C6E6}.Release|Any CPU.ActiveCfg = Release|Any CPU
		{FCBA3AB6-56C6-4150-99BB-ED3D8E05C6E6}.Release|Any CPU.Build.0 = Release|Any CPU
		{EA99814A-B909-4043-B33F-FA21A0A62B16}.Debug|Any CPU.ActiveCfg = Debug|Any CPU
		{EA99814A-B909-4043-B33F-FA21A0A62B16}.Debug|Any CPU.Build.0 = Debug|Any CPU
		{EA99814A-B909-4043-B33F-FA21A0A62B16}.Release|Any CPU.ActiveCfg = Release|Any CPU
		{EA99814A-B909-4043-B33F-FA21A0A62B16}.Release|Any CPU.Build.0 = Release|Any CPU
		{45116F76-D58F-4794-8B0B-17087F904C07}.Debug|Any CPU.ActiveCfg = Debug|Any CPU
		{45116F76-D58F-4794-8B0B-17087F904C07}.Debug|Any CPU.Build.0 = Debug|Any CPU
		{45116F76-D58F-4794-8B0B-17087F904C07}.Release|Any CPU.ActiveCfg = Release|Any CPU
		{45116F76-D58F-4794-8B0B-17087F904C07}.Release|Any CPU.Build.0 = Release|Any CPU
		{E2E96EC9-F6D3-4E78-8788-CDECCB15C0F0}.Debug|Any CPU.ActiveCfg = Debug|Any CPU
		{E2E96EC9-F6D3-4E78-8788-CDECCB15C0F0}.Debug|Any CPU.Build.0 = Debug|Any CPU
		{E2E96EC9-F6D3-4E78-8788-CDECCB15C0F0}.Release|Any CPU.ActiveCfg = Release|Any CPU
		{E2E96EC9-F6D3-4E78-8788-CDECCB15C0F0}.Release|Any CPU.Build.0 = Release|Any CPU
		{909A5F44-0A5A-4CF5-BCA4-A25FA24224D6}.Debug|Any CPU.ActiveCfg = Debug|Any CPU
		{909A5F44-0A5A-4CF5-BCA4-A25FA24224D6}.Debug|Any CPU.Build.0 = Debug|Any CPU
		{909A5F44-0A5A-4CF5-BCA4-A25FA24224D6}.Release|Any CPU.ActiveCfg = Release|Any CPU
		{909A5F44-0A5A-4CF5-BCA4-A25FA24224D6}.Release|Any CPU.Build.0 = Release|Any CPU
		{0B48EDC2-7471-47A6-8CAD-78BF3044FB59}.Debug|Any CPU.ActiveCfg = Debug|Any CPU
		{0B48EDC2-7471-47A6-8CAD-78BF3044FB59}.Debug|Any CPU.Build.0 = Debug|Any CPU
		{0B48EDC2-7471-47A6-8CAD-78BF3044FB59}.Release|Any CPU.ActiveCfg = Release|Any CPU
		{0B48EDC2-7471-47A6-8CAD-78BF3044FB59}.Release|Any CPU.Build.0 = Release|Any CPU
		{97248FE6-EC4D-44AD-8E98-1C9447DE6454}.Debug|Any CPU.ActiveCfg = Debug|Any CPU
		{97248FE6-EC4D-44AD-8E98-1C9447DE6454}.Debug|Any CPU.Build.0 = Debug|Any CPU
		{97248FE6-EC4D-44AD-8E98-1C9447DE6454}.Release|Any CPU.ActiveCfg = Release|Any CPU
		{97248FE6-EC4D-44AD-8E98-1C9447DE6454}.Release|Any CPU.Build.0 = Release|Any CPU
		{A47A2F6D-7F92-4EA5-A233-BB0CD2B77A44}.Debug|Any CPU.ActiveCfg = Debug|Any CPU
		{A47A2F6D-7F92-4EA5-A233-BB0CD2B77A44}.Debug|Any CPU.Build.0 = Debug|Any CPU
		{A47A2F6D-7F92-4EA5-A233-BB0CD2B77A44}.Release|Any CPU.ActiveCfg = Release|Any CPU
		{A47A2F6D-7F92-4EA5-A233-BB0CD2B77A44}.Release|Any CPU.Build.0 = Release|Any CPU
		{FFB77035-890D-489E-B90D-A9CF1BFFEE00}.Debug|Any CPU.ActiveCfg = Debug|Any CPU
		{FFB77035-890D-489E-B90D-A9CF1BFFEE00}.Debug|Any CPU.Build.0 = Debug|Any CPU
		{FFB77035-890D-489E-B90D-A9CF1BFFEE00}.Release|Any CPU.ActiveCfg = Release|Any CPU
		{FFB77035-890D-489E-B90D-A9CF1BFFEE00}.Release|Any CPU.Build.0 = Release|Any CPU
		{2565D578-BA6C-48A8-A385-0AC0170AB216}.Debug|Any CPU.ActiveCfg = Debug|Any CPU
		{2565D578-BA6C-48A8-A385-0AC0170AB216}.Debug|Any CPU.Build.0 = Debug|Any CPU
		{2565D578-BA6C-48A8-A385-0AC0170AB216}.Release|Any CPU.ActiveCfg = Release|Any CPU
		{2565D578-BA6C-48A8-A385-0AC0170AB216}.Release|Any CPU.Build.0 = Release|Any CPU
		{E453EE3D-8755-4DD2-9355-86853F92C537}.Debug|Any CPU.ActiveCfg = Debug|Any CPU
		{E453EE3D-8755-4DD2-9355-86853F92C537}.Debug|Any CPU.Build.0 = Debug|Any CPU
		{E453EE3D-8755-4DD2-9355-86853F92C537}.Release|Any CPU.ActiveCfg = Release|Any CPU
		{E453EE3D-8755-4DD2-9355-86853F92C537}.Release|Any CPU.Build.0 = Release|Any CPU
		{022C51F5-0450-4888-88F3-5DF232231DE6}.Debug|Any CPU.ActiveCfg = Debug|Any CPU
		{022C51F5-0450-4888-88F3-5DF232231DE6}.Debug|Any CPU.Build.0 = Debug|Any CPU
		{022C51F5-0450-4888-88F3-5DF232231DE6}.Release|Any CPU.ActiveCfg = Release|Any CPU
		{022C51F5-0450-4888-88F3-5DF232231DE6}.Release|Any CPU.Build.0 = Release|Any CPU
		{79B7DB66-23AE-40C1-AFCC-D92C000F27D2}.Debug|Any CPU.ActiveCfg = Debug|Any CPU
		{79B7DB66-23AE-40C1-AFCC-D92C000F27D2}.Debug|Any CPU.Build.0 = Debug|Any CPU
		{79B7DB66-23AE-40C1-AFCC-D92C000F27D2}.Release|Any CPU.ActiveCfg = Release|Any CPU
		{79B7DB66-23AE-40C1-AFCC-D92C000F27D2}.Release|Any CPU.Build.0 = Release|Any CPU
		{FC1635FA-5638-4279-97D2-44DAA5FA99D6}.Debug|Any CPU.ActiveCfg = Debug|Any CPU
		{FC1635FA-5638-4279-97D2-44DAA5FA99D6}.Debug|Any CPU.Build.0 = Debug|Any CPU
		{FC1635FA-5638-4279-97D2-44DAA5FA99D6}.Release|Any CPU.ActiveCfg = Release|Any CPU
		{FC1635FA-5638-4279-97D2-44DAA5FA99D6}.Release|Any CPU.Build.0 = Release|Any CPU
		{342B67A0-44A5-4EEE-964B-7EF605B12692}.Debug|Any CPU.ActiveCfg = Debug|Any CPU
		{342B67A0-44A5-4EEE-964B-7EF605B12692}.Debug|Any CPU.Build.0 = Debug|Any CPU
		{342B67A0-44A5-4EEE-964B-7EF605B12692}.Release|Any CPU.ActiveCfg = Release|Any CPU
		{342B67A0-44A5-4EEE-964B-7EF605B12692}.Release|Any CPU.Build.0 = Release|Any CPU
		{C59C857A-317F-4A95-B15E-E4486BD60B7D}.Debug|Any CPU.ActiveCfg = Debug|Any CPU
		{C59C857A-317F-4A95-B15E-E4486BD60B7D}.Debug|Any CPU.Build.0 = Debug|Any CPU
		{C59C857A-317F-4A95-B15E-E4486BD60B7D}.Release|Any CPU.ActiveCfg = Release|Any CPU
		{C59C857A-317F-4A95-B15E-E4486BD60B7D}.Release|Any CPU.Build.0 = Release|Any CPU
		{D8B3E78B-7603-49B4-973F-85C4DD1533E4}.Debug|Any CPU.ActiveCfg = Debug|Any CPU
		{D8B3E78B-7603-49B4-973F-85C4DD1533E4}.Debug|Any CPU.Build.0 = Debug|Any CPU
		{D8B3E78B-7603-49B4-973F-85C4DD1533E4}.Release|Any CPU.ActiveCfg = Release|Any CPU
		{D8B3E78B-7603-49B4-973F-85C4DD1533E4}.Release|Any CPU.Build.0 = Release|Any CPU
		{8C0B5000-3231-45D3-8575-FE4D1792FC97}.Debug|Any CPU.ActiveCfg = Debug|Any CPU
		{8C0B5000-3231-45D3-8575-FE4D1792FC97}.Debug|Any CPU.Build.0 = Debug|Any CPU
		{8C0B5000-3231-45D3-8575-FE4D1792FC97}.Release|Any CPU.ActiveCfg = Release|Any CPU
		{8C0B5000-3231-45D3-8575-FE4D1792FC97}.Release|Any CPU.Build.0 = Release|Any CPU
		{C1875C35-E2B3-4400-AFF2-98546927B309}.Debug|Any CPU.ActiveCfg = Debug|Any CPU
		{C1875C35-E2B3-4400-AFF2-98546927B309}.Debug|Any CPU.Build.0 = Debug|Any CPU
		{C1875C35-E2B3-4400-AFF2-98546927B309}.Release|Any CPU.ActiveCfg = Release|Any CPU
		{C1875C35-E2B3-4400-AFF2-98546927B309}.Release|Any CPU.Build.0 = Release|Any CPU
		{3E8BDA16-595C-4B43-A088-74636C2F9F4E}.Debug|Any CPU.ActiveCfg = Debug|Any CPU
		{3E8BDA16-595C-4B43-A088-74636C2F9F4E}.Debug|Any CPU.Build.0 = Debug|Any CPU
		{3E8BDA16-595C-4B43-A088-74636C2F9F4E}.Release|Any CPU.ActiveCfg = Release|Any CPU
		{3E8BDA16-595C-4B43-A088-74636C2F9F4E}.Release|Any CPU.Build.0 = Release|Any CPU
		{94A03B5E-2791-4EFD-8A6E-87E66C70EFC1}.Debug|Any CPU.ActiveCfg = Debug|Any CPU
		{94A03B5E-2791-4EFD-8A6E-87E66C70EFC1}.Debug|Any CPU.Build.0 = Debug|Any CPU
		{94A03B5E-2791-4EFD-8A6E-87E66C70EFC1}.Release|Any CPU.ActiveCfg = Release|Any CPU
		{94A03B5E-2791-4EFD-8A6E-87E66C70EFC1}.Release|Any CPU.Build.0 = Release|Any CPU
		{C4310F84-6C3B-4481-AA39-0B2D90068B42}.Debug|Any CPU.ActiveCfg = Debug|Any CPU
		{C4310F84-6C3B-4481-AA39-0B2D90068B42}.Debug|Any CPU.Build.0 = Debug|Any CPU
		{C4310F84-6C3B-4481-AA39-0B2D90068B42}.Release|Any CPU.ActiveCfg = Release|Any CPU
		{C4310F84-6C3B-4481-AA39-0B2D90068B42}.Release|Any CPU.Build.0 = Release|Any CPU
		{CBE3B19B-B2BC-4B53-BB25-F4054CA5DE51}.Debug|Any CPU.ActiveCfg = Debug|Any CPU
		{CBE3B19B-B2BC-4B53-BB25-F4054CA5DE51}.Debug|Any CPU.Build.0 = Debug|Any CPU
		{CBE3B19B-B2BC-4B53-BB25-F4054CA5DE51}.Release|Any CPU.ActiveCfg = Release|Any CPU
		{CBE3B19B-B2BC-4B53-BB25-F4054CA5DE51}.Release|Any CPU.Build.0 = Release|Any CPU
		{D691D326-E4F2-4932-B050-BB2BFF012E32}.Debug|Any CPU.ActiveCfg = Debug|Any CPU
		{D691D326-E4F2-4932-B050-BB2BFF012E32}.Debug|Any CPU.Build.0 = Debug|Any CPU
		{D691D326-E4F2-4932-B050-BB2BFF012E32}.Release|Any CPU.ActiveCfg = Release|Any CPU
		{D691D326-E4F2-4932-B050-BB2BFF012E32}.Release|Any CPU.Build.0 = Release|Any CPU
		{591E2739-212C-437C-AC44-2CADBBB2045C}.Debug|Any CPU.ActiveCfg = Debug|Any CPU
		{591E2739-212C-437C-AC44-2CADBBB2045C}.Debug|Any CPU.Build.0 = Debug|Any CPU
		{591E2739-212C-437C-AC44-2CADBBB2045C}.Release|Any CPU.ActiveCfg = Release|Any CPU
		{591E2739-212C-437C-AC44-2CADBBB2045C}.Release|Any CPU.Build.0 = Release|Any CPU
		{6EEC8458-DE89-49C9-B742-7E13B0206B3A}.Debug|Any CPU.ActiveCfg = Debug|Any CPU
		{6EEC8458-DE89-49C9-B742-7E13B0206B3A}.Debug|Any CPU.Build.0 = Debug|Any CPU
		{6EEC8458-DE89-49C9-B742-7E13B0206B3A}.Release|Any CPU.ActiveCfg = Release|Any CPU
		{6EEC8458-DE89-49C9-B742-7E13B0206B3A}.Release|Any CPU.Build.0 = Release|Any CPU
		{C72B61E4-3A9E-4EBC-8662-C42459CA5783}.Debug|Any CPU.ActiveCfg = Debug|Any CPU
		{C72B61E4-3A9E-4EBC-8662-C42459CA5783}.Debug|Any CPU.Build.0 = Debug|Any CPU
		{C72B61E4-3A9E-4EBC-8662-C42459CA5783}.Release|Any CPU.ActiveCfg = Release|Any CPU
		{C72B61E4-3A9E-4EBC-8662-C42459CA5783}.Release|Any CPU.Build.0 = Release|Any CPU
		{7C213AE1-AAB9-437E-AF36-44224230C127}.Debug|Any CPU.ActiveCfg = Debug|Any CPU
		{7C213AE1-AAB9-437E-AF36-44224230C127}.Debug|Any CPU.Build.0 = Debug|Any CPU
		{7C213AE1-AAB9-437E-AF36-44224230C127}.Release|Any CPU.ActiveCfg = Release|Any CPU
		{7C213AE1-AAB9-437E-AF36-44224230C127}.Release|Any CPU.Build.0 = Release|Any CPU
		{A979A1D5-B0D7-4579-9568-66D37801AB02}.Debug|Any CPU.ActiveCfg = Debug|Any CPU
		{A979A1D5-B0D7-4579-9568-66D37801AB02}.Debug|Any CPU.Build.0 = Debug|Any CPU
		{A979A1D5-B0D7-4579-9568-66D37801AB02}.Release|Any CPU.ActiveCfg = Release|Any CPU
		{A979A1D5-B0D7-4579-9568-66D37801AB02}.Release|Any CPU.Build.0 = Release|Any CPU
		{69F235BF-C6C9-4D3C-962B-3EFA4102E212}.Debug|Any CPU.ActiveCfg = Debug|Any CPU
		{69F235BF-C6C9-4D3C-962B-3EFA4102E212}.Debug|Any CPU.Build.0 = Debug|Any CPU
		{69F235BF-C6C9-4D3C-962B-3EFA4102E212}.Release|Any CPU.ActiveCfg = Release|Any CPU
		{69F235BF-C6C9-4D3C-962B-3EFA4102E212}.Release|Any CPU.Build.0 = Release|Any CPU
		{22CC31E8-0D4F-49E0-80CF-729A97A3CB84}.Debug|Any CPU.ActiveCfg = Debug|Any CPU
		{22CC31E8-0D4F-49E0-80CF-729A97A3CB84}.Debug|Any CPU.Build.0 = Debug|Any CPU
		{22CC31E8-0D4F-49E0-80CF-729A97A3CB84}.Release|Any CPU.ActiveCfg = Release|Any CPU
		{22CC31E8-0D4F-49E0-80CF-729A97A3CB84}.Release|Any CPU.Build.0 = Release|Any CPU
		{DD169CEA-18F6-476F-A3E8-6E0613509924}.Debug|Any CPU.ActiveCfg = Debug|Any CPU
		{DD169CEA-18F6-476F-A3E8-6E0613509924}.Debug|Any CPU.Build.0 = Debug|Any CPU
		{DD169CEA-18F6-476F-A3E8-6E0613509924}.Release|Any CPU.ActiveCfg = Release|Any CPU
		{DD169CEA-18F6-476F-A3E8-6E0613509924}.Release|Any CPU.Build.0 = Release|Any CPU
		{48F8B750-BA7B-4D94-A985-9E7A6D1F9510}.Debug|Any CPU.ActiveCfg = Debug|Any CPU
		{48F8B750-BA7B-4D94-A985-9E7A6D1F9510}.Debug|Any CPU.Build.0 = Debug|Any CPU
		{48F8B750-BA7B-4D94-A985-9E7A6D1F9510}.Release|Any CPU.ActiveCfg = Release|Any CPU
		{48F8B750-BA7B-4D94-A985-9E7A6D1F9510}.Release|Any CPU.Build.0 = Release|Any CPU
		{4C95FE27-7D97-435B-97B4-7C3B0A50203E}.Debug|Any CPU.ActiveCfg = Debug|Any CPU
		{4C95FE27-7D97-435B-97B4-7C3B0A50203E}.Debug|Any CPU.Build.0 = Debug|Any CPU
		{4C95FE27-7D97-435B-97B4-7C3B0A50203E}.Release|Any CPU.ActiveCfg = Release|Any CPU
		{4C95FE27-7D97-435B-97B4-7C3B0A50203E}.Release|Any CPU.Build.0 = Release|Any CPU
		{9E9B4828-3779-4703-8D3C-DCD831D75523}.Debug|Any CPU.ActiveCfg = Debug|Any CPU
		{9E9B4828-3779-4703-8D3C-DCD831D75523}.Debug|Any CPU.Build.0 = Debug|Any CPU
		{9E9B4828-3779-4703-8D3C-DCD831D75523}.Release|Any CPU.ActiveCfg = Release|Any CPU
		{9E9B4828-3779-4703-8D3C-DCD831D75523}.Release|Any CPU.Build.0 = Release|Any CPU
		{57ED2989-6C72-41D5-B55F-BDE9A72F41CC}.Debug|Any CPU.ActiveCfg = Debug|Any CPU
		{57ED2989-6C72-41D5-B55F-BDE9A72F41CC}.Debug|Any CPU.Build.0 = Debug|Any CPU
		{57ED2989-6C72-41D5-B55F-BDE9A72F41CC}.Release|Any CPU.ActiveCfg = Release|Any CPU
		{57ED2989-6C72-41D5-B55F-BDE9A72F41CC}.Release|Any CPU.Build.0 = Release|Any CPU
		{B14FFAD1-9814-43E8-A741-49B26CC4C454}.Debug|Any CPU.ActiveCfg = Debug|Any CPU
		{B14FFAD1-9814-43E8-A741-49B26CC4C454}.Debug|Any CPU.Build.0 = Debug|Any CPU
		{B14FFAD1-9814-43E8-A741-49B26CC4C454}.Release|Any CPU.ActiveCfg = Release|Any CPU
		{B14FFAD1-9814-43E8-A741-49B26CC4C454}.Release|Any CPU.Build.0 = Release|Any CPU
		{153D20F0-5851-4D0F-AE30-E174A8498BB5}.Debug|Any CPU.ActiveCfg = Debug|Any CPU
		{153D20F0-5851-4D0F-AE30-E174A8498BB5}.Debug|Any CPU.Build.0 = Debug|Any CPU
		{153D20F0-5851-4D0F-AE30-E174A8498BB5}.Release|Any CPU.ActiveCfg = Release|Any CPU
		{153D20F0-5851-4D0F-AE30-E174A8498BB5}.Release|Any CPU.Build.0 = Release|Any CPU
		{DA332D75-5A67-416F-B1F0-0180592EB91B}.Debug|Any CPU.ActiveCfg = Debug|Any CPU
		{DA332D75-5A67-416F-B1F0-0180592EB91B}.Debug|Any CPU.Build.0 = Debug|Any CPU
		{DA332D75-5A67-416F-B1F0-0180592EB91B}.Release|Any CPU.ActiveCfg = Release|Any CPU
		{DA332D75-5A67-416F-B1F0-0180592EB91B}.Release|Any CPU.Build.0 = Release|Any CPU
		{4741ACD4-28DA-475E-AE93-477CCD8FD29A}.Debug|Any CPU.ActiveCfg = Debug|Any CPU
		{4741ACD4-28DA-475E-AE93-477CCD8FD29A}.Debug|Any CPU.Build.0 = Debug|Any CPU
		{4741ACD4-28DA-475E-AE93-477CCD8FD29A}.Release|Any CPU.ActiveCfg = Release|Any CPU
		{4741ACD4-28DA-475E-AE93-477CCD8FD29A}.Release|Any CPU.Build.0 = Release|Any CPU
		{AC966A99-4810-44A1-9541-4715F0A5C341}.Debug|Any CPU.ActiveCfg = Debug|Any CPU
		{AC966A99-4810-44A1-9541-4715F0A5C341}.Debug|Any CPU.Build.0 = Debug|Any CPU
		{AC966A99-4810-44A1-9541-4715F0A5C341}.Release|Any CPU.ActiveCfg = Release|Any CPU
		{AC966A99-4810-44A1-9541-4715F0A5C341}.Release|Any CPU.Build.0 = Release|Any CPU
		{04DC0F55-62F5-4F89-AE86-FB796E1F41DD}.Debug|Any CPU.ActiveCfg = Debug|Any CPU
		{04DC0F55-62F5-4F89-AE86-FB796E1F41DD}.Debug|Any CPU.Build.0 = Debug|Any CPU
		{04DC0F55-62F5-4F89-AE86-FB796E1F41DD}.Release|Any CPU.ActiveCfg = Release|Any CPU
		{04DC0F55-62F5-4F89-AE86-FB796E1F41DD}.Release|Any CPU.Build.0 = Release|Any CPU
		{B695C770-79AC-411A-9813-42BEB13EC876}.Debug|Any CPU.ActiveCfg = Debug|Any CPU
		{B695C770-79AC-411A-9813-42BEB13EC876}.Debug|Any CPU.Build.0 = Debug|Any CPU
		{B695C770-79AC-411A-9813-42BEB13EC876}.Release|Any CPU.ActiveCfg = Release|Any CPU
		{B695C770-79AC-411A-9813-42BEB13EC876}.Release|Any CPU.Build.0 = Release|Any CPU
		{EF54341D-5B3B-4D24-B6C8-2F4E267BECF7}.Debug|Any CPU.ActiveCfg = Debug|Any CPU
		{EF54341D-5B3B-4D24-B6C8-2F4E267BECF7}.Debug|Any CPU.Build.0 = Debug|Any CPU
		{EF54341D-5B3B-4D24-B6C8-2F4E267BECF7}.Release|Any CPU.ActiveCfg = Release|Any CPU
		{EF54341D-5B3B-4D24-B6C8-2F4E267BECF7}.Release|Any CPU.Build.0 = Release|Any CPU
		{B7832AE3-13A1-45A1-95D6-3684771BB7B1}.Debug|Any CPU.ActiveCfg = Debug|Any CPU
		{B7832AE3-13A1-45A1-95D6-3684771BB7B1}.Debug|Any CPU.Build.0 = Debug|Any CPU
		{B7832AE3-13A1-45A1-95D6-3684771BB7B1}.Release|Any CPU.ActiveCfg = Release|Any CPU
		{B7832AE3-13A1-45A1-95D6-3684771BB7B1}.Release|Any CPU.Build.0 = Release|Any CPU
		{E56A51D6-9D83-4E1C-84CA-52D96EC3CFDF}.Debug|Any CPU.ActiveCfg = Debug|Any CPU
		{E56A51D6-9D83-4E1C-84CA-52D96EC3CFDF}.Debug|Any CPU.Build.0 = Debug|Any CPU
		{E56A51D6-9D83-4E1C-84CA-52D96EC3CFDF}.Release|Any CPU.ActiveCfg = Release|Any CPU
		{E56A51D6-9D83-4E1C-84CA-52D96EC3CFDF}.Release|Any CPU.Build.0 = Release|Any CPU
		{23055CF3-3A33-4366-BFE7-F27900744369}.Debug|Any CPU.ActiveCfg = Debug|Any CPU
		{23055CF3-3A33-4366-BFE7-F27900744369}.Debug|Any CPU.Build.0 = Debug|Any CPU
		{23055CF3-3A33-4366-BFE7-F27900744369}.Release|Any CPU.ActiveCfg = Release|Any CPU
		{23055CF3-3A33-4366-BFE7-F27900744369}.Release|Any CPU.Build.0 = Release|Any CPU
		{69B29AEF-02FE-416A-ABBE-347881D15361}.Debug|Any CPU.ActiveCfg = Debug|Any CPU
		{69B29AEF-02FE-416A-ABBE-347881D15361}.Debug|Any CPU.Build.0 = Debug|Any CPU
		{69B29AEF-02FE-416A-ABBE-347881D15361}.Release|Any CPU.ActiveCfg = Release|Any CPU
		{69B29AEF-02FE-416A-ABBE-347881D15361}.Release|Any CPU.Build.0 = Release|Any CPU
		{F46826FD-E892-432C-B689-134A989FDD89}.Debug|Any CPU.ActiveCfg = Debug|Any CPU
		{F46826FD-E892-432C-B689-134A989FDD89}.Debug|Any CPU.Build.0 = Debug|Any CPU
		{F46826FD-E892-432C-B689-134A989FDD89}.Release|Any CPU.ActiveCfg = Release|Any CPU
		{F46826FD-E892-432C-B689-134A989FDD89}.Release|Any CPU.Build.0 = Release|Any CPU
		{6F67E489-5E4D-42DB-A674-5AF7D5B53461}.Debug|Any CPU.ActiveCfg = Debug|Any CPU
		{6F67E489-5E4D-42DB-A674-5AF7D5B53461}.Debug|Any CPU.Build.0 = Debug|Any CPU
		{6F67E489-5E4D-42DB-A674-5AF7D5B53461}.Release|Any CPU.ActiveCfg = Release|Any CPU
		{6F67E489-5E4D-42DB-A674-5AF7D5B53461}.Release|Any CPU.Build.0 = Release|Any CPU
		{937F102E-4EF1-4FF0-BCB6-F9AD97E198C8}.Debug|Any CPU.ActiveCfg = Debug|Any CPU
		{937F102E-4EF1-4FF0-BCB6-F9AD97E198C8}.Debug|Any CPU.Build.0 = Debug|Any CPU
		{937F102E-4EF1-4FF0-BCB6-F9AD97E198C8}.Release|Any CPU.ActiveCfg = Release|Any CPU
		{937F102E-4EF1-4FF0-BCB6-F9AD97E198C8}.Release|Any CPU.Build.0 = Release|Any CPU
		{5150B2BE-B61D-4C6D-91C9-DEB359D82160}.Debug|Any CPU.ActiveCfg = Debug|Any CPU
		{5150B2BE-B61D-4C6D-91C9-DEB359D82160}.Debug|Any CPU.Build.0 = Debug|Any CPU
		{5150B2BE-B61D-4C6D-91C9-DEB359D82160}.Release|Any CPU.ActiveCfg = Release|Any CPU
		{5150B2BE-B61D-4C6D-91C9-DEB359D82160}.Release|Any CPU.Build.0 = Release|Any CPU
		{B224410E-AA51-432F-800F-4F03446B7A54}.Debug|Any CPU.ActiveCfg = Debug|Any CPU
		{B224410E-AA51-432F-800F-4F03446B7A54}.Debug|Any CPU.Build.0 = Debug|Any CPU
		{B224410E-AA51-432F-800F-4F03446B7A54}.Release|Any CPU.ActiveCfg = Release|Any CPU
		{B224410E-AA51-432F-800F-4F03446B7A54}.Release|Any CPU.Build.0 = Release|Any CPU
		{2C1A44C3-0BA3-496C-8857-F3797FC6A17B}.Debug|Any CPU.ActiveCfg = Debug|Any CPU
		{2C1A44C3-0BA3-496C-8857-F3797FC6A17B}.Debug|Any CPU.Build.0 = Debug|Any CPU
		{2C1A44C3-0BA3-496C-8857-F3797FC6A17B}.Release|Any CPU.ActiveCfg = Release|Any CPU
		{2C1A44C3-0BA3-496C-8857-F3797FC6A17B}.Release|Any CPU.Build.0 = Release|Any CPU
		{5EE355BE-B38E-4BEA-81B6-981C222880CF}.Debug|Any CPU.ActiveCfg = Debug|Any CPU
		{5EE355BE-B38E-4BEA-81B6-981C222880CF}.Debug|Any CPU.Build.0 = Debug|Any CPU
		{5EE355BE-B38E-4BEA-81B6-981C222880CF}.Release|Any CPU.ActiveCfg = Release|Any CPU
		{5EE355BE-B38E-4BEA-81B6-981C222880CF}.Release|Any CPU.Build.0 = Release|Any CPU
		{49986FAC-391F-4261-AA9A-25A090F266AE}.Debug|Any CPU.ActiveCfg = Debug|Any CPU
		{49986FAC-391F-4261-AA9A-25A090F266AE}.Debug|Any CPU.Build.0 = Debug|Any CPU
		{49986FAC-391F-4261-AA9A-25A090F266AE}.Release|Any CPU.ActiveCfg = Release|Any CPU
		{49986FAC-391F-4261-AA9A-25A090F266AE}.Release|Any CPU.Build.0 = Release|Any CPU
		{BDB2801E-7749-442F-876F-0EAC815A933A}.Debug|Any CPU.ActiveCfg = Debug|Any CPU
		{BDB2801E-7749-442F-876F-0EAC815A933A}.Debug|Any CPU.Build.0 = Debug|Any CPU
		{BDB2801E-7749-442F-876F-0EAC815A933A}.Release|Any CPU.ActiveCfg = Release|Any CPU
		{BDB2801E-7749-442F-876F-0EAC815A933A}.Release|Any CPU.Build.0 = Release|Any CPU
		{DA1B8DE1-600D-47F1-AFCA-6C03157BD5F0}.Debug|Any CPU.ActiveCfg = Debug|Any CPU
		{DA1B8DE1-600D-47F1-AFCA-6C03157BD5F0}.Debug|Any CPU.Build.0 = Debug|Any CPU
		{DA1B8DE1-600D-47F1-AFCA-6C03157BD5F0}.Release|Any CPU.ActiveCfg = Release|Any CPU
		{DA1B8DE1-600D-47F1-AFCA-6C03157BD5F0}.Release|Any CPU.Build.0 = Release|Any CPU
		{55EF1DC1-B5D7-42DE-A8C1-87CC0EE25BC7}.Debug|Any CPU.ActiveCfg = Debug|Any CPU
		{55EF1DC1-B5D7-42DE-A8C1-87CC0EE25BC7}.Debug|Any CPU.Build.0 = Debug|Any CPU
		{55EF1DC1-B5D7-42DE-A8C1-87CC0EE25BC7}.Release|Any CPU.ActiveCfg = Release|Any CPU
		{55EF1DC1-B5D7-42DE-A8C1-87CC0EE25BC7}.Release|Any CPU.Build.0 = Release|Any CPU
		{39FC1D0C-1583-4A8B-97E6-214CA70A310C}.Debug|Any CPU.ActiveCfg = Debug|Any CPU
		{39FC1D0C-1583-4A8B-97E6-214CA70A310C}.Debug|Any CPU.Build.0 = Debug|Any CPU
		{39FC1D0C-1583-4A8B-97E6-214CA70A310C}.Release|Any CPU.ActiveCfg = Release|Any CPU
		{39FC1D0C-1583-4A8B-97E6-214CA70A310C}.Release|Any CPU.Build.0 = Release|Any CPU
		{7E117FFD-F0B8-427D-9C0D-E777CC2540AC}.Debug|Any CPU.ActiveCfg = Debug|Any CPU
		{7E117FFD-F0B8-427D-9C0D-E777CC2540AC}.Debug|Any CPU.Build.0 = Debug|Any CPU
		{7E117FFD-F0B8-427D-9C0D-E777CC2540AC}.Release|Any CPU.ActiveCfg = Release|Any CPU
		{7E117FFD-F0B8-427D-9C0D-E777CC2540AC}.Release|Any CPU.Build.0 = Release|Any CPU
		{81C54FA2-C5EB-473F-92B3-76FC90EFC682}.Debug|Any CPU.ActiveCfg = Debug|Any CPU
		{81C54FA2-C5EB-473F-92B3-76FC90EFC682}.Debug|Any CPU.Build.0 = Debug|Any CPU
		{81C54FA2-C5EB-473F-92B3-76FC90EFC682}.Release|Any CPU.ActiveCfg = Release|Any CPU
		{81C54FA2-C5EB-473F-92B3-76FC90EFC682}.Release|Any CPU.Build.0 = Release|Any CPU
	EndGlobalSection
	GlobalSection(SolutionProperties) = preSolution
		HideSolutionNode = FALSE
	EndGlobalSection
	GlobalSection(NestedProjects) = preSolution
		{F0A8656A-6486-4D8F-A6FF-B9F6EE19988C} = {AA2372AA-F85E-42E8-AC46-75D663DF07CD}
		{4E3E93D6-7FF2-4BA6-9630-8564AB4BB1BB} = {AA2372AA-F85E-42E8-AC46-75D663DF07CD}
		{79091EDD-0848-4E15-9996-236AFDAE77DF} = {AA2372AA-F85E-42E8-AC46-75D663DF07CD}
		{EB437786-54F5-47D7-8218-CEF0E593801B} = {AA2372AA-F85E-42E8-AC46-75D663DF07CD}
		{3FC9C92B-E209-48AF-BF87-709D641F3E6D} = {AA2372AA-F85E-42E8-AC46-75D663DF07CD}
		{709CB345-3B2E-453D-A5B0-8A763A218D8B} = {AA2372AA-F85E-42E8-AC46-75D663DF07CD}
		{AD1472C5-CF68-4F42-AC9B-04F6D1B5E36F} = {AA2372AA-F85E-42E8-AC46-75D663DF07CD}
		{97F3C05B-F317-4826-A42E-0CA9459BEBA0} = {7EE8242D-1C4A-4335-A969-16B14222EC1A}
		{D59530D4-3DA2-45B3-94C1-1221FED4740C} = {7EE8242D-1C4A-4335-A969-16B14222EC1A}
		{0AE8B332-DFE3-48C4-8D2E-A63F4F661DA1} = {7EE8242D-1C4A-4335-A969-16B14222EC1A}
		{8D006AFA-4CC9-43C8-99C1-BC51ADFC3658} = {7EE8242D-1C4A-4335-A969-16B14222EC1A}
		{46B06101-CEFF-4088-8C0E-41E894042B30} = {7EE8242D-1C4A-4335-A969-16B14222EC1A}
		{CC342122-F659-469D-948C-1E589F47A9C0} = {7EE8242D-1C4A-4335-A969-16B14222EC1A}
		{BF644A99-C13C-41FE-8A44-D3233CFDDB6B} = {7EE8242D-1C4A-4335-A969-16B14222EC1A}
		{C5365692-B6A7-4046-9BD9-731E51720D47} = {7EE8242D-1C4A-4335-A969-16B14222EC1A}
		{7F8F8407-1338-4D2C-A250-E2EB6FD0851B} = {7EE8242D-1C4A-4335-A969-16B14222EC1A}
		{B29A7D20-9355-4152-8942-601F8A1788C7} = {7EE8242D-1C4A-4335-A969-16B14222EC1A}
		{D33AF695-B723-4C50-A689-101F51836319} = {7EE8242D-1C4A-4335-A969-16B14222EC1A}
		{FF9C8B8B-4874-4D3C-B77F-7558FC0D82C6} = {7EE8242D-1C4A-4335-A969-16B14222EC1A}
		{1ED1F334-F7E2-4B38-A09A-25CDCC9AB50A} = {7EE8242D-1C4A-4335-A969-16B14222EC1A}
		{A762FE64-AF97-4409-9293-5D36BAD263DF} = {B02BE33A-0BE7-45A7-966B-FD887AD62A32}
		{7979C7D6-4203-492C-A7E6-2F105F1A8F1E} = {B02BE33A-0BE7-45A7-966B-FD887AD62A32}
		{FB634118-008D-4981-B1A2-8BAC4297EC5B} = {B02BE33A-0BE7-45A7-966B-FD887AD62A32}
		{FD8BFB0B-99AD-4045-8313-99CEDFE9A527} = {B02BE33A-0BE7-45A7-966B-FD887AD62A32}
		{798DE888-D1E5-4074-9866-93AA524690FD} = {B02BE33A-0BE7-45A7-966B-FD887AD62A32}
		{458FC7ED-0C83-4CBB-9068-001E7298D808} = {B02BE33A-0BE7-45A7-966B-FD887AD62A32}
		{64B0ABDB-58DB-4418-945F-1711F321A653} = {B02BE33A-0BE7-45A7-966B-FD887AD62A32}
		{7B411C8E-D075-4F32-827B-6EDF17EFB79D} = {B0DC3A6A-FA5F-4983-97AD-B6B700AA24F3}
		{685DA123-FC21-4E55-AC37-1B4B2F2CE508} = {B0DC3A6A-FA5F-4983-97AD-B6B700AA24F3}
		{9772EDD9-CDA7-45A7-BEC2-8E8A1DC009CC} = {B0DC3A6A-FA5F-4983-97AD-B6B700AA24F3}
		{29BC9D1A-8EAC-47AD-BE2A-F39EA2B91731} = {B0DC3A6A-FA5F-4983-97AD-B6B700AA24F3}
		{FCBA3AB6-56C6-4150-99BB-ED3D8E05C6E6} = {B0DC3A6A-FA5F-4983-97AD-B6B700AA24F3}
		{EA99814A-B909-4043-B33F-FA21A0A62B16} = {B0DC3A6A-FA5F-4983-97AD-B6B700AA24F3}
		{45116F76-D58F-4794-8B0B-17087F904C07} = {B0DC3A6A-FA5F-4983-97AD-B6B700AA24F3}
		{E2E96EC9-F6D3-4E78-8788-CDECCB15C0F0} = {B0DC3A6A-FA5F-4983-97AD-B6B700AA24F3}
		{909A5F44-0A5A-4CF5-BCA4-A25FA24224D6} = {B0DC3A6A-FA5F-4983-97AD-B6B700AA24F3}
		{0B48EDC2-7471-47A6-8CAD-78BF3044FB59} = {B0DC3A6A-FA5F-4983-97AD-B6B700AA24F3}
		{97248FE6-EC4D-44AD-8E98-1C9447DE6454} = {B0DC3A6A-FA5F-4983-97AD-B6B700AA24F3}
		{A47A2F6D-7F92-4EA5-A233-BB0CD2B77A44} = {B0DC3A6A-FA5F-4983-97AD-B6B700AA24F3}
		{FFB77035-890D-489E-B90D-A9CF1BFFEE00} = {B0DC3A6A-FA5F-4983-97AD-B6B700AA24F3}
		{2565D578-BA6C-48A8-A385-0AC0170AB216} = {B0DC3A6A-FA5F-4983-97AD-B6B700AA24F3}
		{E453EE3D-8755-4DD2-9355-86853F92C537} = {B0DC3A6A-FA5F-4983-97AD-B6B700AA24F3}
		{022C51F5-0450-4888-88F3-5DF232231DE6} = {B0DC3A6A-FA5F-4983-97AD-B6B700AA24F3}
		{79B7DB66-23AE-40C1-AFCC-D92C000F27D2} = {B0DC3A6A-FA5F-4983-97AD-B6B700AA24F3}
		{FC1635FA-5638-4279-97D2-44DAA5FA99D6} = {B0DC3A6A-FA5F-4983-97AD-B6B700AA24F3}
		{342B67A0-44A5-4EEE-964B-7EF605B12692} = {B0DC3A6A-FA5F-4983-97AD-B6B700AA24F3}
		{C59C857A-317F-4A95-B15E-E4486BD60B7D} = {B0DC3A6A-FA5F-4983-97AD-B6B700AA24F3}
		{D8B3E78B-7603-49B4-973F-85C4DD1533E4} = {B0DC3A6A-FA5F-4983-97AD-B6B700AA24F3}
		{8C0B5000-3231-45D3-8575-FE4D1792FC97} = {B0DC3A6A-FA5F-4983-97AD-B6B700AA24F3}
		{C1875C35-E2B3-4400-AFF2-98546927B309} = {D4630B3A-89C7-4A73-B68C-93D5CF8203FC}
		{3E8BDA16-595C-4B43-A088-74636C2F9F4E} = {D4630B3A-89C7-4A73-B68C-93D5CF8203FC}
		{94A03B5E-2791-4EFD-8A6E-87E66C70EFC1} = {D4630B3A-89C7-4A73-B68C-93D5CF8203FC}
		{C4310F84-6C3B-4481-AA39-0B2D90068B42} = {D4630B3A-89C7-4A73-B68C-93D5CF8203FC}
		{CBE3B19B-B2BC-4B53-BB25-F4054CA5DE51} = {D4630B3A-89C7-4A73-B68C-93D5CF8203FC}
		{D691D326-E4F2-4932-B050-BB2BFF012E32} = {D4630B3A-89C7-4A73-B68C-93D5CF8203FC}
		{591E2739-212C-437C-AC44-2CADBBB2045C} = {D4630B3A-89C7-4A73-B68C-93D5CF8203FC}
		{6EEC8458-DE89-49C9-B742-7E13B0206B3A} = {D4630B3A-89C7-4A73-B68C-93D5CF8203FC}
		{C72B61E4-3A9E-4EBC-8662-C42459CA5783} = {D4630B3A-89C7-4A73-B68C-93D5CF8203FC}
		{7C213AE1-AAB9-437E-AF36-44224230C127} = {D4630B3A-89C7-4A73-B68C-93D5CF8203FC}
		{A979A1D5-B0D7-4579-9568-66D37801AB02} = {D4630B3A-89C7-4A73-B68C-93D5CF8203FC}
		{69F235BF-C6C9-4D3C-962B-3EFA4102E212} = {D4630B3A-89C7-4A73-B68C-93D5CF8203FC}
		{22CC31E8-0D4F-49E0-80CF-729A97A3CB84} = {D4630B3A-89C7-4A73-B68C-93D5CF8203FC}
		{DD169CEA-18F6-476F-A3E8-6E0613509924} = {89BCFB61-8AF2-41EB-A755-EB65E74F71D7}
		{48F8B750-BA7B-4D94-A985-9E7A6D1F9510} = {89BCFB61-8AF2-41EB-A755-EB65E74F71D7}
		{4C95FE27-7D97-435B-97B4-7C3B0A50203E} = {89BCFB61-8AF2-41EB-A755-EB65E74F71D7}
		{9E9B4828-3779-4703-8D3C-DCD831D75523} = {89BCFB61-8AF2-41EB-A755-EB65E74F71D7}
		{57ED2989-6C72-41D5-B55F-BDE9A72F41CC} = {89BCFB61-8AF2-41EB-A755-EB65E74F71D7}
		{B14FFAD1-9814-43E8-A741-49B26CC4C454} = {89BCFB61-8AF2-41EB-A755-EB65E74F71D7}
		{153D20F0-5851-4D0F-AE30-E174A8498BB5} = {7EE8242D-1C4A-4335-A969-16B14222EC1A}
		{DA332D75-5A67-416F-B1F0-0180592EB91B} = {B02BE33A-0BE7-45A7-966B-FD887AD62A32}
		{4741ACD4-28DA-475E-AE93-477CCD8FD29A} = {89BCFB61-8AF2-41EB-A755-EB65E74F71D7}
		{AC966A99-4810-44A1-9541-4715F0A5C341} = {89BCFB61-8AF2-41EB-A755-EB65E74F71D7}
		{04DC0F55-62F5-4F89-AE86-FB796E1F41DD} = {89BCFB61-8AF2-41EB-A755-EB65E74F71D7}
		{B695C770-79AC-411A-9813-42BEB13EC876} = {89BCFB61-8AF2-41EB-A755-EB65E74F71D7}
		{EF54341D-5B3B-4D24-B6C8-2F4E267BECF7} = {89BCFB61-8AF2-41EB-A755-EB65E74F71D7}
		{B7832AE3-13A1-45A1-95D6-3684771BB7B1} = {89BCFB61-8AF2-41EB-A755-EB65E74F71D7}
		{E56A51D6-9D83-4E1C-84CA-52D96EC3CFDF} = {89BCFB61-8AF2-41EB-A755-EB65E74F71D7}
		{23055CF3-3A33-4366-BFE7-F27900744369} = {89BCFB61-8AF2-41EB-A755-EB65E74F71D7}
		{69B29AEF-02FE-416A-ABBE-347881D15361} = {89BCFB61-8AF2-41EB-A755-EB65E74F71D7}
		{F46826FD-E892-432C-B689-134A989FDD89} = {89BCFB61-8AF2-41EB-A755-EB65E74F71D7}
		{6F67E489-5E4D-42DB-A674-5AF7D5B53461} = {89BCFB61-8AF2-41EB-A755-EB65E74F71D7}
		{937F102E-4EF1-4FF0-BCB6-F9AD97E198C8} = {89BCFB61-8AF2-41EB-A755-EB65E74F71D7}
		{5150B2BE-B61D-4C6D-91C9-DEB359D82160} = {89BCFB61-8AF2-41EB-A755-EB65E74F71D7}
		{B224410E-AA51-432F-800F-4F03446B7A54} = {89BCFB61-8AF2-41EB-A755-EB65E74F71D7}
		{2C1A44C3-0BA3-496C-8857-F3797FC6A17B} = {89BCFB61-8AF2-41EB-A755-EB65E74F71D7}
		{5EE355BE-B38E-4BEA-81B6-981C222880CF} = {89BCFB61-8AF2-41EB-A755-EB65E74F71D7}
		{49986FAC-391F-4261-AA9A-25A090F266AE} = {89BCFB61-8AF2-41EB-A755-EB65E74F71D7}
		{BDB2801E-7749-442F-876F-0EAC815A933A} = {89BCFB61-8AF2-41EB-A755-EB65E74F71D7}
		{DA1B8DE1-600D-47F1-AFCA-6C03157BD5F0} = {89BCFB61-8AF2-41EB-A755-EB65E74F71D7}
		{55EF1DC1-B5D7-42DE-A8C1-87CC0EE25BC7} = {89BCFB61-8AF2-41EB-A755-EB65E74F71D7}
		{39FC1D0C-1583-4A8B-97E6-214CA70A310C} = {89BCFB61-8AF2-41EB-A755-EB65E74F71D7}
		{7E117FFD-F0B8-427D-9C0D-E777CC2540AC} = {89BCFB61-8AF2-41EB-A755-EB65E74F71D7}
		{81C54FA2-C5EB-473F-92B3-76FC90EFC682} = {89BCFB61-8AF2-41EB-A755-EB65E74F71D7}
	EndGlobalSection
	GlobalSection(ExtensibilityGlobals) = postSolution
		SolutionGuid = {713BAA37-F8C0-49A2-94C5-720B6E7D54AD}
	EndGlobalSection
EndGlobal
