
Microsoft Visual Studio Solution File, Format Version 12.00
# Visual Studio Version 16
VisualStudioVersion = 16.0.32510.428
MinimumVisualStudioVersion = 10.0.40219.1
Project("{FAE04EC0-301F-11D3-BF4B-00C04F79EFBC}") = "1. Hello World!", "1. Hello World!\1. Hello World!.csproj", "{F0A8656A-6486-4D8F-A6FF-B9F6EE19988C}"
EndProject
Project("{2150E333-8FDC-42A3-9474-1A3956D46DE8}") = "1. Basics", "1. Basics", "{AA2372AA-F85E-42E8-AC46-75D663DF07CD}"
EndProject
Project("{FAE04EC0-301F-11D3-BF4B-00C04F79EFBC}") = "2. Comments", "2. Comments\2. Comments.csproj", "{4E3E93D6-7FF2-4BA6-9630-8564AB4BB1BB}"
EndProject
Project("{FAE04EC0-301F-11D3-BF4B-00C04F79EFBC}") = "2. Comments. Task", "2. Comments. Task\2. Comments. Task.csproj", "{79091EDD-0848-4E15-9996-236AFDAE77DF}"
EndProject
Project("{FAE04EC0-301F-11D3-BF4B-00C04F79EFBC}") = "3. Statements (Инструкции)", "3. Statements (Инструкции)\3. Statements (Инструкции).csproj", "{EB437786-54F5-47D7-8218-CEF0E593801B}"
EndProject
Project("{FAE04EC0-301F-11D3-BF4B-00C04F79EFBC}") = "3. Statements (Инструкции). Task", "3. Statements (Инструкции). Task\3. Statements (Инструкции). Task.csproj", "{3FC9C92B-E209-48AF-BF87-709D641F3E6D}"
EndProject
Project("{FAE04EC0-301F-11D3-BF4B-00C04F79EFBC}") = "4. Just Training", "4. Just Training\4. Just Training.csproj", "{709CB345-3B2E-453D-A5B0-8A763A218D8B}"
EndProject
Project("{FAE04EC0-301F-11D3-BF4B-00C04F79EFBC}") = "5. Syntax Errors", "5. Syntax Errors\5. Syntax Errors.csproj", "{AD1472C5-CF68-4F42-AC9B-04F6D1B5E36F}"
EndProject
Project("{2150E333-8FDC-42A3-9474-1A3956D46DE8}") = "2. Arithmetic", "2. Arithmetic", "{7EE8242D-1C4A-4335-A969-16B14222EC1A}"
EndProject
Project("{FAE04EC0-301F-11D3-BF4B-00C04F79EFBC}") = "6. Arithmetic Operations", "6. Arithmetic Operations\6. Arithmetic Operations.csproj", "{97F3C05B-F317-4826-A42E-0CA9459BEBA0}"
EndProject
Project("{FAE04EC0-301F-11D3-BF4B-00C04F79EFBC}") = "6. Arithmetic Operations. Task", "6. Arithmetic Operations. Task\6. Arithmetic Operations. Task.csproj", "{D59530D4-3DA2-45B3-94C1-1221FED4740C}"
EndProject
Project("{FAE04EC0-301F-11D3-BF4B-00C04F79EFBC}") = "7. Operators", "7. Operators\7. Operators.csproj", "{0AE8B332-DFE3-48C4-8D2E-A63F4F661DA1}"
EndProject
Project("{FAE04EC0-301F-11D3-BF4B-00C04F79EFBC}") = "7. Operators. Task", "7. Operators. Task\7. Operators. Task.csproj", "{8D006AFA-4CC9-43C8-99C1-BC51ADFC3658}"
EndProject
Project("{FAE04EC0-301F-11D3-BF4B-00C04F79EFBC}") = "8. Commutative Operation", "8. Commutative Operation\8. Commutative Operation.csproj", "{46B06101-CEFF-4088-8C0E-41E894042B30}"
EndProject
Project("{FAE04EC0-301F-11D3-BF4B-00C04F79EFBC}") = "9. Composition Of Operations", "9. Composition Of Operations\9. Composition Of Operations.csproj", "{CC342122-F659-469D-948C-1E589F47A9C0}"
EndProject
Project("{FAE04EC0-301F-11D3-BF4B-00C04F79EFBC}") = "9. Composition Of Operations. Task", "9. Composition Of Operations. Task\9. Composition Of Operations. Task.csproj", "{BF644A99-C13C-41FE-8A44-D3233CFDDB6B}"
EndProject
Project("{FAE04EC0-301F-11D3-BF4B-00C04F79EFBC}") = "10. Operation Priority", "10. Operation Priority\10. Operation Priority.csproj", "{C5365692-B6A7-4046-9BD9-731E51720D47}"
EndProject
Project("{FAE04EC0-301F-11D3-BF4B-00C04F79EFBC}") = "10. Operation Priority. Task", "10. Operation Priority. Task\10. Operation Priority. Task.csproj", "{7F8F8407-1338-4D2C-A250-E2EB6FD0851B}"
EndProject
Project("{FAE04EC0-301F-11D3-BF4B-00C04F79EFBC}") = "10. Operation Priority. Teacher's Decision", "10. Operation Priority. Teacher's Decision\10. Operation Priority. Teacher's Decision.csproj", "{B29A7D20-9355-4152-8942-601F8A1788C7}"
EndProject
Project("{FAE04EC0-301F-11D3-BF4B-00C04F79EFBC}") = "11. Floating-Point Numbers", "11. Floating-Point Numbers\11. Floating-Point Numbers.csproj", "{D33AF695-B723-4C50-A689-101F51836319}"
EndProject
Project("{FAE04EC0-301F-11D3-BF4B-00C04F79EFBC}") = "11. Floating-Point Numbers. Task", "11. Floating-Point Numbers. Task\11. Floating-Point Numbers. Task.csproj", "{FF9C8B8B-4874-4D3C-B77F-7558FC0D82C6}"
EndProject
Project("{FAE04EC0-301F-11D3-BF4B-00C04F79EFBC}") = "12. Code Design", "12. Code Design\12. Code Design.csproj", "{1ED1F334-F7E2-4B38-A09A-25CDCC9AB50A}"
EndProject
Project("{2150E333-8FDC-42A3-9474-1A3956D46DE8}") = "3. Strings", "3. Strings", "{B02BE33A-0BE7-45A7-966B-FD887AD62A32}"
EndProject
Project("{FAE04EC0-301F-11D3-BF4B-00C04F79EFBC}") = "13. Quotes", "13. Quotes\13. Quotes.csproj", "{A762FE64-AF97-4409-9293-5D36BAD263DF}"
EndProject
Project("{FAE04EC0-301F-11D3-BF4B-00C04F79EFBC}") = "13. Quotes. Task", "13. Quotes. Task\13. Quotes. Task.csproj", "{7979C7D6-4203-492C-A7E6-2F105F1A8F1E}"
EndProject
Project("{FAE04EC0-301F-11D3-BF4B-00C04F79EFBC}") = "14. Escaping Sequences", "14. Escaping Sequences\14. Escaping Sequences.csproj", "{FB634118-008D-4981-B1A2-8BAC4297EC5B}"
EndProject
Project("{FAE04EC0-301F-11D3-BF4B-00C04F79EFBC}") = "14. Escaping Sequences. Task", "14. Escaping Sequences. Task\14. Escaping Sequences. Task.csproj", "{FD8BFB0B-99AD-4045-8313-99CEDFE9A527}"
EndProject
Project("{FAE04EC0-301F-11D3-BF4B-00C04F79EFBC}") = "15. Concatenation", "15. Concatenation\15. Concatenation.csproj", "{798DE888-D1E5-4074-9866-93AA524690FD}"
EndProject
Project("{FAE04EC0-301F-11D3-BF4B-00C04F79EFBC}") = "15. Concatenation. Task", "15. Concatenation. Task\15. Concatenation. Task.csproj", "{458FC7ED-0C83-4CBB-9068-001E7298D808}"
EndProject
Project("{FAE04EC0-301F-11D3-BF4B-00C04F79EFBC}") = "15. Concatenation. Teacher's Decision", "15. Concatenation. Teacher's Decision\15. Concatenation. Teacher's Decision.csproj", "{64B0ABDB-58DB-4418-945F-1711F321A653}"
EndProject
Project("{2150E333-8FDC-42A3-9474-1A3956D46DE8}") = "4. Variables", "4. Variables", "{B0DC3A6A-FA5F-4983-97AD-B6B700AA24F3}"
EndProject
Project("{FAE04EC0-301F-11D3-BF4B-00C04F79EFBC}") = "16. What Is A Variable", "16. What Is A Variable\16. What Is A Variable.csproj", "{7B411C8E-D075-4F32-827B-6EDF17EFB79D}"
EndProject
Project("{FAE04EC0-301F-11D3-BF4B-00C04F79EFBC}") = "16. What Is A Variable. Task", "16. What Is A Variable. Task\16. What Is A Variable. Task.csproj", "{685DA123-FC21-4E55-AC37-1B4B2F2CE508}"
EndProject
Project("{FAE04EC0-301F-11D3-BF4B-00C04F79EFBC}") = "17. Changing A Variable", "17. Changing A Variable\17. Changing A Variable.csproj", "{9772EDD9-CDA7-45A7-BEC2-8E8A1DC009CC}"
EndProject
Project("{FAE04EC0-301F-11D3-BF4B-00C04F79EFBC}") = "17. Changing A Variable. Task", "17. Changing A Variable. Task\17. Changing A Variable. Task.csproj", "{29BC9D1A-8EAC-47AD-BE2A-F39EA2B91731}"
EndProject
Project("{FAE04EC0-301F-11D3-BF4B-00C04F79EFBC}") = "18. Choosing A Variable Name", "18. Choosing A Variable Name\18. Choosing A Variable Name.csproj", "{FCBA3AB6-56C6-4150-99BB-ED3D8E05C6E6}"
EndProject
Project("{FAE04EC0-301F-11D3-BF4B-00C04F79EFBC}") = "18. Choosing A Variable Name. Task", "18. Choosing A Variable Name. Task\18. Choosing A Variable Name. Task.csproj", "{EA99814A-B909-4043-B33F-FA21A0A62B16}"
EndProject
Project("{FAE04EC0-301F-11D3-BF4B-00C04F79EFBC}") = "18. Choosing A Variable Name. Teacher's Decision", "18. Choosing A Variable Name. Teacher's Decision\18. Choosing A Variable Name. Teacher's Decision.csproj", "{45116F76-D58F-4794-8B0B-17087F904C07}"
EndProject
Project("{FAE04EC0-301F-11D3-BF4B-00C04F79EFBC}") = "19. Errors When Working With Variables", "19. Errors When Working With Variables\19. Errors When Working With Variables.csproj", "{E2E96EC9-F6D3-4E78-8788-CDECCB15C0F0}"
EndProject
Project("{FAE04EC0-301F-11D3-BF4B-00C04F79EFBC}") = "19. Errors When Working With Variables. Task", "19. Errors When Working With Variables. Task\19. Errors When Working With Variables. Task.csproj", "{909A5F44-0A5A-4CF5-BCA4-A25FA24224D6}"
EndProject
Project("{FAE04EC0-301F-11D3-BF4B-00C04F79EFBC}") = "20. Expressions In Definitions", "20. Expressions In Definitions\20. Expressions In Definitions.csproj", "{0B48EDC2-7471-47A6-8CAD-78BF3044FB59}"
EndProject
Project("{FAE04EC0-301F-11D3-BF4B-00C04F79EFBC}") = "20. Expressions In Definitions. Task", "20. Expressions In Definitions. Task\20. Expressions In Definitions. Task.csproj", "{97248FE6-EC4D-44AD-8E98-1C9447DE6454}"
EndProject
Project("{FAE04EC0-301F-11D3-BF4B-00C04F79EFBC}") = "20. Expressions In Definitions. Teacher's Decision", "20. Expressions In Definitions. Teacher's Decision\20. Expressions In Definitions. Teacher's Decision.csproj", "{A47A2F6D-7F92-4EA5-A233-BB0CD2B77A44}"
EndProject
Project("{FAE04EC0-301F-11D3-BF4B-00C04F79EFBC}") = "21. Variables And Concatenation", "21. Variables And Concatenation\21. Variables And Concatenation.csproj", "{FFB77035-890D-489E-B90D-A9CF1BFFEE00}"
EndProject
Project("{FAE04EC0-301F-11D3-BF4B-00C04F79EFBC}") = "21. Variables And Concatenation. Task", "21. Variables And Concatenation. Task\21. Variables And Concatenation. Task.csproj", "{2565D578-BA6C-48A8-A385-0AC0170AB216}"
EndProject
Project("{FAE04EC0-301F-11D3-BF4B-00C04F79EFBC}") = "21. Variables And Concatenation. Teacher's Decision", "21. Variables And Concatenation. Teacher's Decision\21. Variables And Concatenation. Teacher's Decision.csproj", "{E453EE3D-8755-4DD2-9355-86853F92C537}"
EndProject
Project("{FAE04EC0-301F-11D3-BF4B-00C04F79EFBC}") = "22. Variable Naming", "22. Variable Naming\22. Variable Naming.csproj", "{022C51F5-0450-4888-88F3-5DF232231DE6}"
EndProject
Project("{FAE04EC0-301F-11D3-BF4B-00C04F79EFBC}") = "22. Variable Naming. Teacher's Decision", "22. Variable Naming. Teacher's Decision\22. Variable Naming. Teacher's Decision.csproj", "{79B7DB66-23AE-40C1-AFCC-D92C000F27D2}"
EndProject
Project("{FAE04EC0-301F-11D3-BF4B-00C04F79EFBC}") = "23. Magic Numbers", "23. Magic Numbers\23. Magic Numbers.csproj", "{FC1635FA-5638-4279-97D2-44DAA5FA99D6}"
EndProject
Project("{FAE04EC0-301F-11D3-BF4B-00C04F79EFBC}") = "23. Magic Numbers. Task", "23. Magic Numbers. Task\23. Magic Numbers. Task.csproj", "{342B67A0-44A5-4EEE-964B-7EF605B12692}"
EndProject
Project("{FAE04EC0-301F-11D3-BF4B-00C04F79EFBC}") = "23. Magic Numbers. Teacher's Decision", "23. Magic Numbers. Teacher's Decision\23. Magic Numbers. Teacher's Decision.csproj", "{C59C857A-317F-4A95-B15E-E4486BD60B7D}"
EndProject
Project("{2150E333-8FDC-42A3-9474-1A3956D46DE8}") = "5. Data Types", "5. Data Types", "{D4630B3A-89C7-4A73-B68C-93D5CF8203FC}"
EndProject
Project("{FAE04EC0-301F-11D3-BF4B-00C04F79EFBC}") = "24. Interpolation. Task", "24. Interpolation. Task\24. Interpolation. Task.csproj", "{D8B3E78B-7603-49B4-973F-85C4DD1533E4}"
EndProject
Project("{FAE04EC0-301F-11D3-BF4B-00C04F79EFBC}") = "24. Interpolation", "24. Interpolation\24. Interpolation.csproj", "{8C0B5000-3231-45D3-8575-FE4D1792FC97}"
EndProject
Global
	GlobalSection(SolutionConfigurationPlatforms) = preSolution
		Debug|Any CPU = Debug|Any CPU
		Release|Any CPU = Release|Any CPU
	EndGlobalSection
	GlobalSection(ProjectConfigurationPlatforms) = postSolution
		{F0A8656A-6486-4D8F-A6FF-B9F6EE19988C}.Debug|Any CPU.ActiveCfg = Debug|Any CPU
		{F0A8656A-6486-4D8F-A6FF-B9F6EE19988C}.Debug|Any CPU.Build.0 = Debug|Any CPU
		{F0A8656A-6486-4D8F-A6FF-B9F6EE19988C}.Release|Any CPU.ActiveCfg = Release|Any CPU
		{F0A8656A-6486-4D8F-A6FF-B9F6EE19988C}.Release|Any CPU.Build.0 = Release|Any CPU
		{4E3E93D6-7FF2-4BA6-9630-8564AB4BB1BB}.Debug|Any CPU.ActiveCfg = Debug|Any CPU
		{4E3E93D6-7FF2-4BA6-9630-8564AB4BB1BB}.Debug|Any CPU.Build.0 = Debug|Any CPU
		{4E3E93D6-7FF2-4BA6-9630-8564AB4BB1BB}.Release|Any CPU.ActiveCfg = Release|Any CPU
		{4E3E93D6-7FF2-4BA6-9630-8564AB4BB1BB}.Release|Any CPU.Build.0 = Release|Any CPU
		{79091EDD-0848-4E15-9996-236AFDAE77DF}.Debug|Any CPU.ActiveCfg = Debug|Any CPU
		{79091EDD-0848-4E15-9996-236AFDAE77DF}.Debug|Any CPU.Build.0 = Debug|Any CPU
		{79091EDD-0848-4E15-9996-236AFDAE77DF}.Release|Any CPU.ActiveCfg = Release|Any CPU
		{79091EDD-0848-4E15-9996-236AFDAE77DF}.Release|Any CPU.Build.0 = Release|Any CPU
		{EB437786-54F5-47D7-8218-CEF0E593801B}.Debug|Any CPU.ActiveCfg = Debug|Any CPU
		{EB437786-54F5-47D7-8218-CEF0E593801B}.Debug|Any CPU.Build.0 = Debug|Any CPU
		{EB437786-54F5-47D7-8218-CEF0E593801B}.Release|Any CPU.ActiveCfg = Release|Any CPU
		{EB437786-54F5-47D7-8218-CEF0E593801B}.Release|Any CPU.Build.0 = Release|Any CPU
		{3FC9C92B-E209-48AF-BF87-709D641F3E6D}.Debug|Any CPU.ActiveCfg = Debug|Any CPU
		{3FC9C92B-E209-48AF-BF87-709D641F3E6D}.Debug|Any CPU.Build.0 = Debug|Any CPU
		{3FC9C92B-E209-48AF-BF87-709D641F3E6D}.Release|Any CPU.ActiveCfg = Release|Any CPU
		{3FC9C92B-E209-48AF-BF87-709D641F3E6D}.Release|Any CPU.Build.0 = Release|Any CPU
		{709CB345-3B2E-453D-A5B0-8A763A218D8B}.Debug|Any CPU.ActiveCfg = Debug|Any CPU
		{709CB345-3B2E-453D-A5B0-8A763A218D8B}.Debug|Any CPU.Build.0 = Debug|Any CPU
		{709CB345-3B2E-453D-A5B0-8A763A218D8B}.Release|Any CPU.ActiveCfg = Release|Any CPU
		{709CB345-3B2E-453D-A5B0-8A763A218D8B}.Release|Any CPU.Build.0 = Release|Any CPU
		{AD1472C5-CF68-4F42-AC9B-04F6D1B5E36F}.Debug|Any CPU.ActiveCfg = Debug|Any CPU
		{AD1472C5-CF68-4F42-AC9B-04F6D1B5E36F}.Debug|Any CPU.Build.0 = Debug|Any CPU
		{AD1472C5-CF68-4F42-AC9B-04F6D1B5E36F}.Release|Any CPU.ActiveCfg = Release|Any CPU
		{AD1472C5-CF68-4F42-AC9B-04F6D1B5E36F}.Release|Any CPU.Build.0 = Release|Any CPU
		{97F3C05B-F317-4826-A42E-0CA9459BEBA0}.Debug|Any CPU.ActiveCfg = Debug|Any CPU
		{97F3C05B-F317-4826-A42E-0CA9459BEBA0}.Debug|Any CPU.Build.0 = Debug|Any CPU
		{97F3C05B-F317-4826-A42E-0CA9459BEBA0}.Release|Any CPU.ActiveCfg = Release|Any CPU
		{97F3C05B-F317-4826-A42E-0CA9459BEBA0}.Release|Any CPU.Build.0 = Release|Any CPU
		{D59530D4-3DA2-45B3-94C1-1221FED4740C}.Debug|Any CPU.ActiveCfg = Debug|Any CPU
		{D59530D4-3DA2-45B3-94C1-1221FED4740C}.Debug|Any CPU.Build.0 = Debug|Any CPU
		{D59530D4-3DA2-45B3-94C1-1221FED4740C}.Release|Any CPU.ActiveCfg = Release|Any CPU
		{D59530D4-3DA2-45B3-94C1-1221FED4740C}.Release|Any CPU.Build.0 = Release|Any CPU
		{0AE8B332-DFE3-48C4-8D2E-A63F4F661DA1}.Debug|Any CPU.ActiveCfg = Debug|Any CPU
		{0AE8B332-DFE3-48C4-8D2E-A63F4F661DA1}.Debug|Any CPU.Build.0 = Debug|Any CPU
		{0AE8B332-DFE3-48C4-8D2E-A63F4F661DA1}.Release|Any CPU.ActiveCfg = Release|Any CPU
		{0AE8B332-DFE3-48C4-8D2E-A63F4F661DA1}.Release|Any CPU.Build.0 = Release|Any CPU
		{8D006AFA-4CC9-43C8-99C1-BC51ADFC3658}.Debug|Any CPU.ActiveCfg = Debug|Any CPU
		{8D006AFA-4CC9-43C8-99C1-BC51ADFC3658}.Debug|Any CPU.Build.0 = Debug|Any CPU
		{8D006AFA-4CC9-43C8-99C1-BC51ADFC3658}.Release|Any CPU.ActiveCfg = Release|Any CPU
		{8D006AFA-4CC9-43C8-99C1-BC51ADFC3658}.Release|Any CPU.Build.0 = Release|Any CPU
		{46B06101-CEFF-4088-8C0E-41E894042B30}.Debug|Any CPU.ActiveCfg = Debug|Any CPU
		{46B06101-CEFF-4088-8C0E-41E894042B30}.Debug|Any CPU.Build.0 = Debug|Any CPU
		{46B06101-CEFF-4088-8C0E-41E894042B30}.Release|Any CPU.ActiveCfg = Release|Any CPU
		{46B06101-CEFF-4088-8C0E-41E894042B30}.Release|Any CPU.Build.0 = Release|Any CPU
		{CC342122-F659-469D-948C-1E589F47A9C0}.Debug|Any CPU.ActiveCfg = Debug|Any CPU
		{CC342122-F659-469D-948C-1E589F47A9C0}.Debug|Any CPU.Build.0 = Debug|Any CPU
		{CC342122-F659-469D-948C-1E589F47A9C0}.Release|Any CPU.ActiveCfg = Release|Any CPU
		{CC342122-F659-469D-948C-1E589F47A9C0}.Release|Any CPU.Build.0 = Release|Any CPU
		{BF644A99-C13C-41FE-8A44-D3233CFDDB6B}.Debug|Any CPU.ActiveCfg = Debug|Any CPU
		{BF644A99-C13C-41FE-8A44-D3233CFDDB6B}.Debug|Any CPU.Build.0 = Debug|Any CPU
		{BF644A99-C13C-41FE-8A44-D3233CFDDB6B}.Release|Any CPU.ActiveCfg = Release|Any CPU
		{BF644A99-C13C-41FE-8A44-D3233CFDDB6B}.Release|Any CPU.Build.0 = Release|Any CPU
		{C5365692-B6A7-4046-9BD9-731E51720D47}.Debug|Any CPU.ActiveCfg = Debug|Any CPU
		{C5365692-B6A7-4046-9BD9-731E51720D47}.Debug|Any CPU.Build.0 = Debug|Any CPU
		{C5365692-B6A7-4046-9BD9-731E51720D47}.Release|Any CPU.ActiveCfg = Release|Any CPU
		{C5365692-B6A7-4046-9BD9-731E51720D47}.Release|Any CPU.Build.0 = Release|Any CPU
		{7F8F8407-1338-4D2C-A250-E2EB6FD0851B}.Debug|Any CPU.ActiveCfg = Debug|Any CPU
		{7F8F8407-1338-4D2C-A250-E2EB6FD0851B}.Debug|Any CPU.Build.0 = Debug|Any CPU
		{7F8F8407-1338-4D2C-A250-E2EB6FD0851B}.Release|Any CPU.ActiveCfg = Release|Any CPU
		{7F8F8407-1338-4D2C-A250-E2EB6FD0851B}.Release|Any CPU.Build.0 = Release|Any CPU
		{B29A7D20-9355-4152-8942-601F8A1788C7}.Debug|Any CPU.ActiveCfg = Debug|Any CPU
		{B29A7D20-9355-4152-8942-601F8A1788C7}.Debug|Any CPU.Build.0 = Debug|Any CPU
		{B29A7D20-9355-4152-8942-601F8A1788C7}.Release|Any CPU.ActiveCfg = Release|Any CPU
		{B29A7D20-9355-4152-8942-601F8A1788C7}.Release|Any CPU.Build.0 = Release|Any CPU
		{D33AF695-B723-4C50-A689-101F51836319}.Debug|Any CPU.ActiveCfg = Debug|Any CPU
		{D33AF695-B723-4C50-A689-101F51836319}.Debug|Any CPU.Build.0 = Debug|Any CPU
		{D33AF695-B723-4C50-A689-101F51836319}.Release|Any CPU.ActiveCfg = Release|Any CPU
		{D33AF695-B723-4C50-A689-101F51836319}.Release|Any CPU.Build.0 = Release|Any CPU
		{FF9C8B8B-4874-4D3C-B77F-7558FC0D82C6}.Debug|Any CPU.ActiveCfg = Debug|Any CPU
		{FF9C8B8B-4874-4D3C-B77F-7558FC0D82C6}.Debug|Any CPU.Build.0 = Debug|Any CPU
		{FF9C8B8B-4874-4D3C-B77F-7558FC0D82C6}.Release|Any CPU.ActiveCfg = Release|Any CPU
		{FF9C8B8B-4874-4D3C-B77F-7558FC0D82C6}.Release|Any CPU.Build.0 = Release|Any CPU
		{1ED1F334-F7E2-4B38-A09A-25CDCC9AB50A}.Debug|Any CPU.ActiveCfg = Debug|Any CPU
		{1ED1F334-F7E2-4B38-A09A-25CDCC9AB50A}.Debug|Any CPU.Build.0 = Debug|Any CPU
		{1ED1F334-F7E2-4B38-A09A-25CDCC9AB50A}.Release|Any CPU.ActiveCfg = Release|Any CPU
		{1ED1F334-F7E2-4B38-A09A-25CDCC9AB50A}.Release|Any CPU.Build.0 = Release|Any CPU
		{A762FE64-AF97-4409-9293-5D36BAD263DF}.Debug|Any CPU.ActiveCfg = Debug|Any CPU
		{A762FE64-AF97-4409-9293-5D36BAD263DF}.Debug|Any CPU.Build.0 = Debug|Any CPU
		{A762FE64-AF97-4409-9293-5D36BAD263DF}.Release|Any CPU.ActiveCfg = Release|Any CPU
		{A762FE64-AF97-4409-9293-5D36BAD263DF}.Release|Any CPU.Build.0 = Release|Any CPU
		{7979C7D6-4203-492C-A7E6-2F105F1A8F1E}.Debug|Any CPU.ActiveCfg = Debug|Any CPU
		{7979C7D6-4203-492C-A7E6-2F105F1A8F1E}.Debug|Any CPU.Build.0 = Debug|Any CPU
		{7979C7D6-4203-492C-A7E6-2F105F1A8F1E}.Release|Any CPU.ActiveCfg = Release|Any CPU
		{7979C7D6-4203-492C-A7E6-2F105F1A8F1E}.Release|Any CPU.Build.0 = Release|Any CPU
		{FB634118-008D-4981-B1A2-8BAC4297EC5B}.Debug|Any CPU.ActiveCfg = Debug|Any CPU
		{FB634118-008D-4981-B1A2-8BAC4297EC5B}.Debug|Any CPU.Build.0 = Debug|Any CPU
		{FB634118-008D-4981-B1A2-8BAC4297EC5B}.Release|Any CPU.ActiveCfg = Release|Any CPU
		{FB634118-008D-4981-B1A2-8BAC4297EC5B}.Release|Any CPU.Build.0 = Release|Any CPU
		{FD8BFB0B-99AD-4045-8313-99CEDFE9A527}.Debug|Any CPU.ActiveCfg = Debug|Any CPU
		{FD8BFB0B-99AD-4045-8313-99CEDFE9A527}.Debug|Any CPU.Build.0 = Debug|Any CPU
		{FD8BFB0B-99AD-4045-8313-99CEDFE9A527}.Release|Any CPU.ActiveCfg = Release|Any CPU
		{FD8BFB0B-99AD-4045-8313-99CEDFE9A527}.Release|Any CPU.Build.0 = Release|Any CPU
		{798DE888-D1E5-4074-9866-93AA524690FD}.Debug|Any CPU.ActiveCfg = Debug|Any CPU
		{798DE888-D1E5-4074-9866-93AA524690FD}.Debug|Any CPU.Build.0 = Debug|Any CPU
		{798DE888-D1E5-4074-9866-93AA524690FD}.Release|Any CPU.ActiveCfg = Release|Any CPU
		{798DE888-D1E5-4074-9866-93AA524690FD}.Release|Any CPU.Build.0 = Release|Any CPU
		{458FC7ED-0C83-4CBB-9068-001E7298D808}.Debug|Any CPU.ActiveCfg = Debug|Any CPU
		{458FC7ED-0C83-4CBB-9068-001E7298D808}.Debug|Any CPU.Build.0 = Debug|Any CPU
		{458FC7ED-0C83-4CBB-9068-001E7298D808}.Release|Any CPU.ActiveCfg = Release|Any CPU
		{458FC7ED-0C83-4CBB-9068-001E7298D808}.Release|Any CPU.Build.0 = Release|Any CPU
		{64B0ABDB-58DB-4418-945F-1711F321A653}.Debug|Any CPU.ActiveCfg = Debug|Any CPU
		{64B0ABDB-58DB-4418-945F-1711F321A653}.Debug|Any CPU.Build.0 = Debug|Any CPU
		{64B0ABDB-58DB-4418-945F-1711F321A653}.Release|Any CPU.ActiveCfg = Release|Any CPU
		{64B0ABDB-58DB-4418-945F-1711F321A653}.Release|Any CPU.Build.0 = Release|Any CPU
		{7B411C8E-D075-4F32-827B-6EDF17EFB79D}.Debug|Any CPU.ActiveCfg = Debug|Any CPU
		{7B411C8E-D075-4F32-827B-6EDF17EFB79D}.Debug|Any CPU.Build.0 = Debug|Any CPU
		{7B411C8E-D075-4F32-827B-6EDF17EFB79D}.Release|Any CPU.ActiveCfg = Release|Any CPU
		{7B411C8E-D075-4F32-827B-6EDF17EFB79D}.Release|Any CPU.Build.0 = Release|Any CPU
		{685DA123-FC21-4E55-AC37-1B4B2F2CE508}.Debug|Any CPU.ActiveCfg = Debug|Any CPU
		{685DA123-FC21-4E55-AC37-1B4B2F2CE508}.Debug|Any CPU.Build.0 = Debug|Any CPU
		{685DA123-FC21-4E55-AC37-1B4B2F2CE508}.Release|Any CPU.ActiveCfg = Release|Any CPU
		{685DA123-FC21-4E55-AC37-1B4B2F2CE508}.Release|Any CPU.Build.0 = Release|Any CPU
		{9772EDD9-CDA7-45A7-BEC2-8E8A1DC009CC}.Debug|Any CPU.ActiveCfg = Debug|Any CPU
		{9772EDD9-CDA7-45A7-BEC2-8E8A1DC009CC}.Debug|Any CPU.Build.0 = Debug|Any CPU
		{9772EDD9-CDA7-45A7-BEC2-8E8A1DC009CC}.Release|Any CPU.ActiveCfg = Release|Any CPU
		{9772EDD9-CDA7-45A7-BEC2-8E8A1DC009CC}.Release|Any CPU.Build.0 = Release|Any CPU
		{29BC9D1A-8EAC-47AD-BE2A-F39EA2B91731}.Debug|Any CPU.ActiveCfg = Debug|Any CPU
		{29BC9D1A-8EAC-47AD-BE2A-F39EA2B91731}.Debug|Any CPU.Build.0 = Debug|Any CPU
		{29BC9D1A-8EAC-47AD-BE2A-F39EA2B91731}.Release|Any CPU.ActiveCfg = Release|Any CPU
		{29BC9D1A-8EAC-47AD-BE2A-F39EA2B91731}.Release|Any CPU.Build.0 = Release|Any CPU
		{FCBA3AB6-56C6-4150-99BB-ED3D8E05C6E6}.Debug|Any CPU.ActiveCfg = Debug|Any CPU
		{FCBA3AB6-56C6-4150-99BB-ED3D8E05C6E6}.Debug|Any CPU.Build.0 = Debug|Any CPU
		{FCBA3AB6-56C6-4150-99BB-ED3D8E05C6E6}.Release|Any CPU.ActiveCfg = Release|Any CPU
		{FCBA3AB6-56C6-4150-99BB-ED3D8E05C6E6}.Release|Any CPU.Build.0 = Release|Any CPU
		{EA99814A-B909-4043-B33F-FA21A0A62B16}.Debug|Any CPU.ActiveCfg = Debug|Any CPU
		{EA99814A-B909-4043-B33F-FA21A0A62B16}.Debug|Any CPU.Build.0 = Debug|Any CPU
		{EA99814A-B909-4043-B33F-FA21A0A62B16}.Release|Any CPU.ActiveCfg = Release|Any CPU
		{EA99814A-B909-4043-B33F-FA21A0A62B16}.Release|Any CPU.Build.0 = Release|Any CPU
		{45116F76-D58F-4794-8B0B-17087F904C07}.Debug|Any CPU.ActiveCfg = Debug|Any CPU
		{45116F76-D58F-4794-8B0B-17087F904C07}.Debug|Any CPU.Build.0 = Debug|Any CPU
		{45116F76-D58F-4794-8B0B-17087F904C07}.Release|Any CPU.ActiveCfg = Release|Any CPU
		{45116F76-D58F-4794-8B0B-17087F904C07}.Release|Any CPU.Build.0 = Release|Any CPU
		{E2E96EC9-F6D3-4E78-8788-CDECCB15C0F0}.Debug|Any CPU.ActiveCfg = Debug|Any CPU
		{E2E96EC9-F6D3-4E78-8788-CDECCB15C0F0}.Debug|Any CPU.Build.0 = Debug|Any CPU
		{E2E96EC9-F6D3-4E78-8788-CDECCB15C0F0}.Release|Any CPU.ActiveCfg = Release|Any CPU
		{E2E96EC9-F6D3-4E78-8788-CDECCB15C0F0}.Release|Any CPU.Build.0 = Release|Any CPU
		{909A5F44-0A5A-4CF5-BCA4-A25FA24224D6}.Debug|Any CPU.ActiveCfg = Debug|Any CPU
		{909A5F44-0A5A-4CF5-BCA4-A25FA24224D6}.Debug|Any CPU.Build.0 = Debug|Any CPU
		{909A5F44-0A5A-4CF5-BCA4-A25FA24224D6}.Release|Any CPU.ActiveCfg = Release|Any CPU
		{909A5F44-0A5A-4CF5-BCA4-A25FA24224D6}.Release|Any CPU.Build.0 = Release|Any CPU
		{0B48EDC2-7471-47A6-8CAD-78BF3044FB59}.Debug|Any CPU.ActiveCfg = Debug|Any CPU
		{0B48EDC2-7471-47A6-8CAD-78BF3044FB59}.Debug|Any CPU.Build.0 = Debug|Any CPU
		{0B48EDC2-7471-47A6-8CAD-78BF3044FB59}.Release|Any CPU.ActiveCfg = Release|Any CPU
		{0B48EDC2-7471-47A6-8CAD-78BF3044FB59}.Release|Any CPU.Build.0 = Release|Any CPU
		{97248FE6-EC4D-44AD-8E98-1C9447DE6454}.Debug|Any CPU.ActiveCfg = Debug|Any CPU
		{97248FE6-EC4D-44AD-8E98-1C9447DE6454}.Debug|Any CPU.Build.0 = Debug|Any CPU
		{97248FE6-EC4D-44AD-8E98-1C9447DE6454}.Release|Any CPU.ActiveCfg = Release|Any CPU
		{97248FE6-EC4D-44AD-8E98-1C9447DE6454}.Release|Any CPU.Build.0 = Release|Any CPU
		{A47A2F6D-7F92-4EA5-A233-BB0CD2B77A44}.Debug|Any CPU.ActiveCfg = Debug|Any CPU
		{A47A2F6D-7F92-4EA5-A233-BB0CD2B77A44}.Debug|Any CPU.Build.0 = Debug|Any CPU
		{A47A2F6D-7F92-4EA5-A233-BB0CD2B77A44}.Release|Any CPU.ActiveCfg = Release|Any CPU
		{A47A2F6D-7F92-4EA5-A233-BB0CD2B77A44}.Release|Any CPU.Build.0 = Release|Any CPU
		{FFB77035-890D-489E-B90D-A9CF1BFFEE00}.Debug|Any CPU.ActiveCfg = Debug|Any CPU
		{FFB77035-890D-489E-B90D-A9CF1BFFEE00}.Debug|Any CPU.Build.0 = Debug|Any CPU
		{FFB77035-890D-489E-B90D-A9CF1BFFEE00}.Release|Any CPU.ActiveCfg = Release|Any CPU
		{FFB77035-890D-489E-B90D-A9CF1BFFEE00}.Release|Any CPU.Build.0 = Release|Any CPU
		{2565D578-BA6C-48A8-A385-0AC0170AB216}.Debug|Any CPU.ActiveCfg = Debug|Any CPU
		{2565D578-BA6C-48A8-A385-0AC0170AB216}.Debug|Any CPU.Build.0 = Debug|Any CPU
		{2565D578-BA6C-48A8-A385-0AC0170AB216}.Release|Any CPU.ActiveCfg = Release|Any CPU
		{2565D578-BA6C-48A8-A385-0AC0170AB216}.Release|Any CPU.Build.0 = Release|Any CPU
		{E453EE3D-8755-4DD2-9355-86853F92C537}.Debug|Any CPU.ActiveCfg = Debug|Any CPU
		{E453EE3D-8755-4DD2-9355-86853F92C537}.Debug|Any CPU.Build.0 = Debug|Any CPU
		{E453EE3D-8755-4DD2-9355-86853F92C537}.Release|Any CPU.ActiveCfg = Release|Any CPU
		{E453EE3D-8755-4DD2-9355-86853F92C537}.Release|Any CPU.Build.0 = Release|Any CPU
		{022C51F5-0450-4888-88F3-5DF232231DE6}.Debug|Any CPU.ActiveCfg = Debug|Any CPU
		{022C51F5-0450-4888-88F3-5DF232231DE6}.Debug|Any CPU.Build.0 = Debug|Any CPU
		{022C51F5-0450-4888-88F3-5DF232231DE6}.Release|Any CPU.ActiveCfg = Release|Any CPU
		{022C51F5-0450-4888-88F3-5DF232231DE6}.Release|Any CPU.Build.0 = Release|Any CPU
		{79B7DB66-23AE-40C1-AFCC-D92C000F27D2}.Debug|Any CPU.ActiveCfg = Debug|Any CPU
		{79B7DB66-23AE-40C1-AFCC-D92C000F27D2}.Debug|Any CPU.Build.0 = Debug|Any CPU
		{79B7DB66-23AE-40C1-AFCC-D92C000F27D2}.Release|Any CPU.ActiveCfg = Release|Any CPU
		{79B7DB66-23AE-40C1-AFCC-D92C000F27D2}.Release|Any CPU.Build.0 = Release|Any CPU
		{FC1635FA-5638-4279-97D2-44DAA5FA99D6}.Debug|Any CPU.ActiveCfg = Debug|Any CPU
		{FC1635FA-5638-4279-97D2-44DAA5FA99D6}.Debug|Any CPU.Build.0 = Debug|Any CPU
		{FC1635FA-5638-4279-97D2-44DAA5FA99D6}.Release|Any CPU.ActiveCfg = Release|Any CPU
		{FC1635FA-5638-4279-97D2-44DAA5FA99D6}.Release|Any CPU.Build.0 = Release|Any CPU
		{342B67A0-44A5-4EEE-964B-7EF605B12692}.Debug|Any CPU.ActiveCfg = Debug|Any CPU
		{342B67A0-44A5-4EEE-964B-7EF605B12692}.Debug|Any CPU.Build.0 = Debug|Any CPU
		{342B67A0-44A5-4EEE-964B-7EF605B12692}.Release|Any CPU.ActiveCfg = Release|Any CPU
		{342B67A0-44A5-4EEE-964B-7EF605B12692}.Release|Any CPU.Build.0 = Release|Any CPU
		{C59C857A-317F-4A95-B15E-E4486BD60B7D}.Debug|Any CPU.ActiveCfg = Debug|Any CPU
		{C59C857A-317F-4A95-B15E-E4486BD60B7D}.Debug|Any CPU.Build.0 = Debug|Any CPU
		{C59C857A-317F-4A95-B15E-E4486BD60B7D}.Release|Any CPU.ActiveCfg = Release|Any CPU
		{C59C857A-317F-4A95-B15E-E4486BD60B7D}.Release|Any CPU.Build.0 = Release|Any CPU
		{D8B3E78B-7603-49B4-973F-85C4DD1533E4}.Debug|Any CPU.ActiveCfg = Debug|Any CPU
		{D8B3E78B-7603-49B4-973F-85C4DD1533E4}.Debug|Any CPU.Build.0 = Debug|Any CPU
		{D8B3E78B-7603-49B4-973F-85C4DD1533E4}.Release|Any CPU.ActiveCfg = Release|Any CPU
		{D8B3E78B-7603-49B4-973F-85C4DD1533E4}.Release|Any CPU.Build.0 = Release|Any CPU
		{8C0B5000-3231-45D3-8575-FE4D1792FC97}.Debug|Any CPU.ActiveCfg = Debug|Any CPU
		{8C0B5000-3231-45D3-8575-FE4D1792FC97}.Debug|Any CPU.Build.0 = Debug|Any CPU
		{8C0B5000-3231-45D3-8575-FE4D1792FC97}.Release|Any CPU.ActiveCfg = Release|Any CPU
		{8C0B5000-3231-45D3-8575-FE4D1792FC97}.Release|Any CPU.Build.0 = Release|Any CPU
	EndGlobalSection
	GlobalSection(SolutionProperties) = preSolution
		HideSolutionNode = FALSE
	EndGlobalSection
	GlobalSection(NestedProjects) = preSolution
		{F0A8656A-6486-4D8F-A6FF-B9F6EE19988C} = {AA2372AA-F85E-42E8-AC46-75D663DF07CD}
		{4E3E93D6-7FF2-4BA6-9630-8564AB4BB1BB} = {AA2372AA-F85E-42E8-AC46-75D663DF07CD}
		{79091EDD-0848-4E15-9996-236AFDAE77DF} = {AA2372AA-F85E-42E8-AC46-75D663DF07CD}
		{EB437786-54F5-47D7-8218-CEF0E593801B} = {AA2372AA-F85E-42E8-AC46-75D663DF07CD}
		{3FC9C92B-E209-48AF-BF87-709D641F3E6D} = {AA2372AA-F85E-42E8-AC46-75D663DF07CD}
		{709CB345-3B2E-453D-A5B0-8A763A218D8B} = {AA2372AA-F85E-42E8-AC46-75D663DF07CD}
		{AD1472C5-CF68-4F42-AC9B-04F6D1B5E36F} = {AA2372AA-F85E-42E8-AC46-75D663DF07CD}
		{97F3C05B-F317-4826-A42E-0CA9459BEBA0} = {7EE8242D-1C4A-4335-A969-16B14222EC1A}
		{D59530D4-3DA2-45B3-94C1-1221FED4740C} = {7EE8242D-1C4A-4335-A969-16B14222EC1A}
		{0AE8B332-DFE3-48C4-8D2E-A63F4F661DA1} = {7EE8242D-1C4A-4335-A969-16B14222EC1A}
		{8D006AFA-4CC9-43C8-99C1-BC51ADFC3658} = {7EE8242D-1C4A-4335-A969-16B14222EC1A}
		{46B06101-CEFF-4088-8C0E-41E894042B30} = {7EE8242D-1C4A-4335-A969-16B14222EC1A}
		{CC342122-F659-469D-948C-1E589F47A9C0} = {7EE8242D-1C4A-4335-A969-16B14222EC1A}
		{BF644A99-C13C-41FE-8A44-D3233CFDDB6B} = {7EE8242D-1C4A-4335-A969-16B14222EC1A}
		{C5365692-B6A7-4046-9BD9-731E51720D47} = {7EE8242D-1C4A-4335-A969-16B14222EC1A}
		{7F8F8407-1338-4D2C-A250-E2EB6FD0851B} = {7EE8242D-1C4A-4335-A969-16B14222EC1A}
		{B29A7D20-9355-4152-8942-601F8A1788C7} = {7EE8242D-1C4A-4335-A969-16B14222EC1A}
		{D33AF695-B723-4C50-A689-101F51836319} = {7EE8242D-1C4A-4335-A969-16B14222EC1A}
		{FF9C8B8B-4874-4D3C-B77F-7558FC0D82C6} = {7EE8242D-1C4A-4335-A969-16B14222EC1A}
		{1ED1F334-F7E2-4B38-A09A-25CDCC9AB50A} = {7EE8242D-1C4A-4335-A969-16B14222EC1A}
		{A762FE64-AF97-4409-9293-5D36BAD263DF} = {B02BE33A-0BE7-45A7-966B-FD887AD62A32}
		{7979C7D6-4203-492C-A7E6-2F105F1A8F1E} = {B02BE33A-0BE7-45A7-966B-FD887AD62A32}
		{FB634118-008D-4981-B1A2-8BAC4297EC5B} = {B02BE33A-0BE7-45A7-966B-FD887AD62A32}
		{FD8BFB0B-99AD-4045-8313-99CEDFE9A527} = {B02BE33A-0BE7-45A7-966B-FD887AD62A32}
		{798DE888-D1E5-4074-9866-93AA524690FD} = {B02BE33A-0BE7-45A7-966B-FD887AD62A32}
		{458FC7ED-0C83-4CBB-9068-001E7298D808} = {B02BE33A-0BE7-45A7-966B-FD887AD62A32}
		{64B0ABDB-58DB-4418-945F-1711F321A653} = {B02BE33A-0BE7-45A7-966B-FD887AD62A32}
		{7B411C8E-D075-4F32-827B-6EDF17EFB79D} = {B0DC3A6A-FA5F-4983-97AD-B6B700AA24F3}
		{685DA123-FC21-4E55-AC37-1B4B2F2CE508} = {B0DC3A6A-FA5F-4983-97AD-B6B700AA24F3}
		{9772EDD9-CDA7-45A7-BEC2-8E8A1DC009CC} = {B0DC3A6A-FA5F-4983-97AD-B6B700AA24F3}
		{29BC9D1A-8EAC-47AD-BE2A-F39EA2B91731} = {B0DC3A6A-FA5F-4983-97AD-B6B700AA24F3}
		{FCBA3AB6-56C6-4150-99BB-ED3D8E05C6E6} = {B0DC3A6A-FA5F-4983-97AD-B6B700AA24F3}
		{EA99814A-B909-4043-B33F-FA21A0A62B16} = {B0DC3A6A-FA5F-4983-97AD-B6B700AA24F3}
		{45116F76-D58F-4794-8B0B-17087F904C07} = {B0DC3A6A-FA5F-4983-97AD-B6B700AA24F3}
		{E2E96EC9-F6D3-4E78-8788-CDECCB15C0F0} = {B0DC3A6A-FA5F-4983-97AD-B6B700AA24F3}
		{909A5F44-0A5A-4CF5-BCA4-A25FA24224D6} = {B0DC3A6A-FA5F-4983-97AD-B6B700AA24F3}
		{0B48EDC2-7471-47A6-8CAD-78BF3044FB59} = {B0DC3A6A-FA5F-4983-97AD-B6B700AA24F3}
		{97248FE6-EC4D-44AD-8E98-1C9447DE6454} = {B0DC3A6A-FA5F-4983-97AD-B6B700AA24F3}
		{A47A2F6D-7F92-4EA5-A233-BB0CD2B77A44} = {B0DC3A6A-FA5F-4983-97AD-B6B700AA24F3}
		{FFB77035-890D-489E-B90D-A9CF1BFFEE00} = {B0DC3A6A-FA5F-4983-97AD-B6B700AA24F3}
		{2565D578-BA6C-48A8-A385-0AC0170AB216} = {B0DC3A6A-FA5F-4983-97AD-B6B700AA24F3}
		{E453EE3D-8755-4DD2-9355-86853F92C537} = {B0DC3A6A-FA5F-4983-97AD-B6B700AA24F3}
		{022C51F5-0450-4888-88F3-5DF232231DE6} = {B0DC3A6A-FA5F-4983-97AD-B6B700AA24F3}
		{79B7DB66-23AE-40C1-AFCC-D92C000F27D2} = {B0DC3A6A-FA5F-4983-97AD-B6B700AA24F3}
		{FC1635FA-5638-4279-97D2-44DAA5FA99D6} = {B0DC3A6A-FA5F-4983-97AD-B6B700AA24F3}
		{342B67A0-44A5-4EEE-964B-7EF605B12692} = {B0DC3A6A-FA5F-4983-97AD-B6B700AA24F3}
		{C59C857A-317F-4A95-B15E-E4486BD60B7D} = {B0DC3A6A-FA5F-4983-97AD-B6B700AA24F3}
		{D8B3E78B-7603-49B4-973F-85C4DD1533E4} = {B0DC3A6A-FA5F-4983-97AD-B6B700AA24F3}
		{8C0B5000-3231-45D3-8575-FE4D1792FC97} = {B0DC3A6A-FA5F-4983-97AD-B6B700AA24F3}
	EndGlobalSection
	GlobalSection(ExtensibilityGlobals) = postSolution
		SolutionGuid = {713BAA37-F8C0-49A2-94C5-720B6E7D54AD}
	EndGlobalSection
EndGlobal
